{
  "version": 4,
  "terraform_version": "1.3.4",
  "serial": 0,
  "lineage": "604ff7cb-0dbe-ac54-a302-fe5481dfa712",
  "outputs": {},
  "resources": [
    {
      "mode": "managed",
      "type": "aws_dynamodb_table",
      "name": "terraform_locks",
      "provider": "provider[\"registry.terraform.io/hashicorp/aws\"]",
      "instances": [
        {
          "schema_version": 1,
          "attributes": {
            "arn": "arn:aws:dynamodb:us-west-2:839942615319:table/terraform-locks",
            "attribute": [
              {
                "name": "LockID",
                "type": "S"
              }
            ],
            "billing_mode": "PAY_PER_REQUEST",
            "global_secondary_index": [],
            "hash_key": "LockID",
            "id": "terraform-locks",
            "local_secondary_index": [],
            "name": "terraform-locks",
            "point_in_time_recovery": [
              {
                "enabled": false
              }
            ],
            "range_key": null,
            "read_capacity": 0,
            "replica": [],
            "restore_date_time": null,
            "restore_source_name": null,
            "restore_to_latest_time": null,
            "server_side_encryption": [],
            "stream_arn": "",
            "stream_enabled": false,
            "stream_label": "",
            "stream_view_type": "",
            "table_class": "",
            "tags": {},
            "tags_all": {},
            "timeouts": null,
            "ttl": [
              {
                "attribute_name": "",
                "enabled": false
              }
            ],
            "write_capacity": 0
          },
          "sensitive_attributes": [],
          "private": "eyJlMmJmYjczMC1lY2FhLTExZTYtOGY4OC0zNDM2M2JjN2M0YzAiOnsiY3JlYXRlIjoxODAwMDAwMDAwMDAwLCJkZWxldGUiOjYwMDAwMDAwMDAwMCwidXBkYXRlIjozNjAwMDAwMDAwMDAwfSwic2NoZW1hX3ZlcnNpb24iOiIxIn0="
        }
      ]
    },
    {
      "mode": "managed",
      "type": "aws_s3_bucket",
      "name": "terraform-state",
      "provider": "provider[\"registry.terraform.io/hashicorp/aws\"]",
      "instances": [
        {
          "schema_version": 0,
          "attributes": {
            "acceleration_status": "",
            "acl": null,
            "arn": "arn:aws:s3:::mike-pbl18",
            "bucket": "mike-pbl18",
            "bucket_domain_name": "mike-pbl18.s3.amazonaws.com",
            "bucket_prefix": null,
            "bucket_regional_domain_name": "mike-pbl18.s3.us-west-2.amazonaws.com",
            "cors_rule": [],
            "force_destroy": true,
            "grant": [
              {
                "id": "b60a8d6f33b9888757fc58aa7e1c636c5de547a85a14ed0724758af2213612a8",
                "permissions": [
                  "FULL_CONTROL"
                ],
                "type": "CanonicalUser",
                "uri": ""
              }
            ],
            "hosted_zone_id": "Z3BJ6K6RIION7M",
            "id": "mike-pbl18",
            "lifecycle_rule": [],
            "logging": [],
            "object_lock_configuration": [],
            "object_lock_enabled": false,
            "policy": "",
            "region": "us-west-2",
            "replication_configuration": [],
            "request_payer": "BucketOwner",
            "server_side_encryption_configuration": [],
            "tags": null,
            "tags_all": {},
            "timeouts": null,
            "versioning": [
              {
                "enabled": false,
                "mfa_delete": false
              }
            ],
            "website": [],
            "website_domain": null,
            "website_endpoint": null
          },
          "sensitive_attributes": [],
          "private": "eyJlMmJmYjczMC1lY2FhLTExZTYtOGY4OC0zNDM2M2JjN2M0YzAiOnsiY3JlYXRlIjoxMjAwMDAwMDAwMDAwLCJkZWxldGUiOjM2MDAwMDAwMDAwMDAsInJlYWQiOjEyMDAwMDAwMDAwMDAsInVwZGF0ZSI6MTIwMDAwMDAwMDAwMH19"
        }
      ]
    },
    {
      "mode": "managed",
      "type": "aws_s3_bucket_server_side_encryption_configuration",
      "name": "first",
      "provider": "provider[\"registry.terraform.io/hashicorp/aws\"]",
      "instances": [
        {
          "schema_version": 0,
          "attributes": {
            "bucket": "mike-pbl18",
            "expected_bucket_owner": "",
            "id": "mike-pbl18",
            "rule": [
              {
                "apply_server_side_encryption_by_default": [
                  {
                    "kms_master_key_id": "",
                    "sse_algorithm": "AES256"
                  }
                ],
                "bucket_key_enabled": null
              }
            ]
          },
          "sensitive_attributes": [],
          "private": "bnVsbA==",
          "dependencies": [
            "aws_s3_bucket.terraform-state"
          ]
        }
      ]
    },
    {
      "mode": "managed",
      "type": "aws_s3_bucket_versioning",
      "name": "version",
      "provider": "provider[\"registry.terraform.io/hashicorp/aws\"]",
      "instances": [
        {
          "schema_version": 0,
          "attributes": {
            "bucket": "mike-pbl18",
            "expected_bucket_owner": "",
            "id": "mike-pbl18",
            "mfa": null,
            "versioning_configuration": [
              {
                "mfa_delete": "",
                "status": "Enabled"
              }
            ]
          },
          "sensitive_attributes": [],
          "private": "bnVsbA==",
          "dependencies": [
            "aws_s3_bucket.terraform-state"
          ]
        }
      ]
    },
    {
      "module": "module.ALB",
      "mode": "data",
      "type": "aws_route53_zone",
      "name": "michaeloajala",
      "provider": "provider[\"registry.terraform.io/hashicorp/aws\"]",
      "instances": [
        {
          "schema_version": 0,
          "attributes": {
            "arn": "arn:aws:route53:::hostedzone/Z0613713GAD925WRWZ2R",
            "caller_reference": "c4b79bfe-06e8-49eb-a304-dc431d15a270",
            "comment": "Demo",
            "id": "Z0613713GAD925WRWZ2R",
            "linked_service_description": null,
            "linked_service_principal": null,
            "name": "michaeloajala.tk",
            "name_servers": [
              "ns-1654.awsdns-14.co.uk",
              "ns-1085.awsdns-07.org",
              "ns-150.awsdns-18.com",
              "ns-974.awsdns-57.net"
            ],
            "primary_name_server": "ns-1654.awsdns-14.co.uk",
            "private_zone": false,
            "resource_record_set_count": 5,
            "tags": {
              "Name": "michaeloajala.tk"
            },
            "vpc_id": null,
            "zone_id": "Z0613713GAD925WRWZ2R"
          },
          "sensitive_attributes": []
        }
      ]
    },
    {
      "module": "module.ALB",
      "mode": "managed",
      "type": "aws_acm_certificate",
      "name": "michaeloajala",
      "provider": "provider[\"registry.terraform.io/hashicorp/aws\"]",
      "instances": [
        {
          "schema_version": 0,
          "attributes": {
            "arn": "arn:aws:acm:us-west-2:839942615319:certificate/848c7ed0-e6c8-4345-ae38-cfa458d34b53",
            "certificate_authority_arn": "",
            "certificate_body": null,
            "certificate_chain": null,
            "domain_name": "*.michaeloajala.tk",
            "domain_validation_options": [
              {
                "domain_name": "*.michaeloajala.tk",
                "resource_record_name": "_749cc55469d93eb069aae989c43b7e50.michaeloajala.tk.",
                "resource_record_type": "CNAME",
                "resource_record_value": "_b4687b6caeef2d4efb86a2e8082b09d6.wdrzrjwmwn.acm-validations.aws."
              }
            ],
            "early_renewal_duration": "",
            "id": "arn:aws:acm:us-west-2:839942615319:certificate/848c7ed0-e6c8-4345-ae38-cfa458d34b53",
            "key_algorithm": "RSA_2048",
            "not_after": "2024-02-05T23:59:59Z",
            "not_before": "2023-01-07T00:00:00Z",
            "options": [
              {
                "certificate_transparency_logging_preference": "ENABLED"
              }
            ],
            "pending_renewal": false,
            "private_key": null,
            "renewal_eligibility": "ELIGIBLE",
            "renewal_summary": [],
            "status": "ISSUED",
            "subject_alternative_names": [
              "*.michaeloajala.tk"
            ],
            "tags": {},
            "tags_all": {},
            "type": "AMAZON_ISSUED",
            "validation_emails": [],
            "validation_method": "DNS",
            "validation_option": []
          },
          "sensitive_attributes": [],
          "private": "bnVsbA=="
        }
      ]
    },
    {
      "module": "module.ALB",
      "mode": "managed",
      "type": "aws_acm_certificate_validation",
      "name": "michaeloajala",
      "provider": "provider[\"registry.terraform.io/hashicorp/aws\"]",
      "instances": [
        {
          "schema_version": 0,
          "attributes": {
            "certificate_arn": "arn:aws:acm:us-west-2:839942615319:certificate/848c7ed0-e6c8-4345-ae38-cfa458d34b53",
            "id": "2023-01-07 12:00:40.868 +0000 UTC",
            "timeouts": null,
            "validation_record_fqdns": [
              "_749cc55469d93eb069aae989c43b7e50.michaeloajala.tk"
            ]
          },
          "sensitive_attributes": [],
          "private": "eyJlMmJmYjczMC1lY2FhLTExZTYtOGY4OC0zNDM2M2JjN2M0YzAiOnsiY3JlYXRlIjo0NTAwMDAwMDAwMDAwfX0=",
          "dependencies": [
            "module.ALB.aws_acm_certificate.michaeloajala",
            "module.ALB.aws_route53_record.michaeloajala",
            "module.ALB.data.aws_route53_zone.michaeloajala"
          ]
        }
      ]
    },
    {
      "module": "module.ALB",
      "mode": "managed",
      "type": "aws_lb",
      "name": "ext-alb",
      "provider": "provider[\"registry.terraform.io/hashicorp/aws\"]",
      "instances": [
        {
          "schema_version": 0,
          "attributes": {
            "access_logs": [
              {
                "bucket": "",
                "enabled": false,
                "prefix": ""
              }
            ],
            "arn": "arn:aws:elasticloadbalancing:us-west-2:839942615319:loadbalancer/app/ACS-ext-alb/73d91d8fdc78a3a1",
            "arn_suffix": "app/ACS-ext-alb/73d91d8fdc78a3a1",
            "customer_owned_ipv4_pool": "",
            "desync_mitigation_mode": "defensive",
            "dns_name": "ACS-ext-alb-1060248764.us-west-2.elb.amazonaws.com",
            "drop_invalid_header_fields": false,
            "enable_cross_zone_load_balancing": true,
            "enable_deletion_protection": false,
            "enable_http2": true,
            "enable_waf_fail_open": false,
            "id": "arn:aws:elasticloadbalancing:us-west-2:839942615319:loadbalancer/app/ACS-ext-alb/73d91d8fdc78a3a1",
            "idle_timeout": 60,
            "internal": false,
            "ip_address_type": "ipv4",
            "load_balancer_type": "application",
            "name": "ACS-ext-alb",
            "name_prefix": null,
            "preserve_host_header": false,
            "security_groups": [
              "sg-01b51108d7661da11"
            ],
            "subnet_mapping": [
              {
                "allocation_id": "",
                "ipv6_address": "",
                "outpost_id": "",
                "private_ipv4_address": "",
                "subnet_id": "subnet-00aad280af7071b86"
              },
              {
                "allocation_id": "",
                "ipv6_address": "",
                "outpost_id": "",
                "private_ipv4_address": "",
                "subnet_id": "subnet-02b96537809c5c37f"
              }
            ],
            "subnets": [
              "subnet-00aad280af7071b86",
              "subnet-02b96537809c5c37f"
            ],
            "tags": {
              "Name": "ACS-ext-alb"
            },
            "tags_all": {
              "Name": "ACS-ext-alb"
            },
            "timeouts": null,
            "vpc_id": "vpc-0433d9ea14969773e",
            "zone_id": "Z1H1FL5HABSF5"
          },
          "sensitive_attributes": [],
          "private": "eyJlMmJmYjczMC1lY2FhLTExZTYtOGY4OC0zNDM2M2JjN2M0YzAiOnsiY3JlYXRlIjo2MDAwMDAwMDAwMDAsImRlbGV0ZSI6NjAwMDAwMDAwMDAwLCJ1cGRhdGUiOjYwMDAwMDAwMDAwMH19",
          "dependencies": [
            "module.VPC.aws_subnet.public",
            "module.VPC.aws_vpc.main",
            "module.VPC.data.aws_availability_zones.available",
            "module.security.aws_security_group.ACS"
          ]
        }
      ]
    },
    {
      "module": "module.ALB",
      "mode": "managed",
      "type": "aws_lb",
      "name": "ialb",
      "provider": "provider[\"registry.terraform.io/hashicorp/aws\"]",
      "instances": [
        {
          "schema_version": 0,
          "attributes": {
            "access_logs": [
              {
                "bucket": "",
                "enabled": false,
                "prefix": ""
              }
            ],
            "arn": "arn:aws:elasticloadbalancing:us-west-2:839942615319:loadbalancer/app/ialb/04fb09bc0961e257",
            "arn_suffix": "app/ialb/04fb09bc0961e257",
            "customer_owned_ipv4_pool": "",
            "desync_mitigation_mode": "defensive",
            "dns_name": "internal-ialb-927720587.us-west-2.elb.amazonaws.com",
            "drop_invalid_header_fields": false,
            "enable_cross_zone_load_balancing": true,
            "enable_deletion_protection": false,
            "enable_http2": true,
            "enable_waf_fail_open": false,
            "id": "arn:aws:elasticloadbalancing:us-west-2:839942615319:loadbalancer/app/ialb/04fb09bc0961e257",
            "idle_timeout": 60,
            "internal": true,
            "ip_address_type": "ipv4",
            "load_balancer_type": "application",
            "name": "ialb",
            "name_prefix": null,
            "preserve_host_header": false,
            "security_groups": [
              "sg-089463b67a24287bf"
            ],
            "subnet_mapping": [
              {
                "allocation_id": "",
                "ipv6_address": "",
                "outpost_id": "",
                "private_ipv4_address": "",
                "subnet_id": "subnet-025eb125bcec7e31e"
              },
              {
                "allocation_id": "",
                "ipv6_address": "",
                "outpost_id": "",
                "private_ipv4_address": "",
                "subnet_id": "subnet-0dae4420d165373d7"
              }
            ],
            "subnets": [
              "subnet-025eb125bcec7e31e",
              "subnet-0dae4420d165373d7"
            ],
            "tags": {
              "Name": "ACS-int-alb"
            },
            "tags_all": {
              "Name": "ACS-int-alb"
            },
            "timeouts": null,
            "vpc_id": "vpc-0433d9ea14969773e",
            "zone_id": "Z1H1FL5HABSF5"
          },
          "sensitive_attributes": [],
          "private": "eyJlMmJmYjczMC1lY2FhLTExZTYtOGY4OC0zNDM2M2JjN2M0YzAiOnsiY3JlYXRlIjo2MDAwMDAwMDAwMDAsImRlbGV0ZSI6NjAwMDAwMDAwMDAwLCJ1cGRhdGUiOjYwMDAwMDAwMDAwMH19",
          "dependencies": [
            "module.VPC.aws_subnet.private",
            "module.VPC.aws_vpc.main",
            "module.VPC.data.aws_availability_zones.available",
            "module.security.aws_security_group.ACS"
          ]
        }
      ]
    },
    {
      "module": "module.ALB",
      "mode": "managed",
      "type": "aws_lb_listener",
      "name": "nginx-listener",
      "provider": "provider[\"registry.terraform.io/hashicorp/aws\"]",
      "instances": [
        {
          "schema_version": 0,
          "attributes": {
            "alpn_policy": null,
            "arn": "arn:aws:elasticloadbalancing:us-west-2:839942615319:listener/app/ACS-ext-alb/73d91d8fdc78a3a1/6e286116874f3eb9",
            "certificate_arn": "arn:aws:acm:us-west-2:839942615319:certificate/848c7ed0-e6c8-4345-ae38-cfa458d34b53",
            "default_action": [
              {
                "authenticate_cognito": [],
                "authenticate_oidc": [],
                "fixed_response": [],
                "forward": [],
                "order": 1,
                "redirect": [],
                "target_group_arn": "arn:aws:elasticloadbalancing:us-west-2:839942615319:targetgroup/nginx-tgt/1b6b95dfbbced5be",
                "type": "forward"
              }
            ],
            "id": "arn:aws:elasticloadbalancing:us-west-2:839942615319:listener/app/ACS-ext-alb/73d91d8fdc78a3a1/6e286116874f3eb9",
            "load_balancer_arn": "arn:aws:elasticloadbalancing:us-west-2:839942615319:loadbalancer/app/ACS-ext-alb/73d91d8fdc78a3a1",
            "port": 443,
            "protocol": "HTTPS",
            "ssl_policy": "ELBSecurityPolicy-2016-08",
            "tags": {},
            "tags_all": {},
            "timeouts": null
          },
          "sensitive_attributes": [],
          "private": "eyJlMmJmYjczMC1lY2FhLTExZTYtOGY4OC0zNDM2M2JjN2M0YzAiOnsicmVhZCI6NjAwMDAwMDAwMDAwfX0=",
          "dependencies": [
            "module.ALB.aws_acm_certificate.michaeloajala",
            "module.ALB.aws_acm_certificate_validation.michaeloajala",
            "module.ALB.aws_lb.ext-alb",
            "module.ALB.aws_lb_target_group.nginx-tgt",
            "module.ALB.aws_route53_record.michaeloajala",
            "module.ALB.data.aws_route53_zone.michaeloajala",
            "module.VPC.aws_subnet.public",
            "module.VPC.aws_vpc.main",
            "module.VPC.data.aws_availability_zones.available",
            "module.security.aws_security_group.ACS"
          ]
        }
      ]
    },
    {
      "module": "module.ALB",
      "mode": "managed",
      "type": "aws_lb_listener",
      "name": "web-listener",
      "provider": "provider[\"registry.terraform.io/hashicorp/aws\"]",
      "instances": [
        {
          "schema_version": 0,
          "attributes": {
            "alpn_policy": null,
            "arn": "arn:aws:elasticloadbalancing:us-west-2:839942615319:listener/app/ialb/04fb09bc0961e257/c0388cd6e457d112",
            "certificate_arn": "arn:aws:acm:us-west-2:839942615319:certificate/848c7ed0-e6c8-4345-ae38-cfa458d34b53",
            "default_action": [
              {
                "authenticate_cognito": [],
                "authenticate_oidc": [],
                "fixed_response": [],
                "forward": [],
                "order": 1,
                "redirect": [],
                "target_group_arn": "arn:aws:elasticloadbalancing:us-west-2:839942615319:targetgroup/wordpress-tgt/5a2e2bff30de0881",
                "type": "forward"
              }
            ],
            "id": "arn:aws:elasticloadbalancing:us-west-2:839942615319:listener/app/ialb/04fb09bc0961e257/c0388cd6e457d112",
            "load_balancer_arn": "arn:aws:elasticloadbalancing:us-west-2:839942615319:loadbalancer/app/ialb/04fb09bc0961e257",
            "port": 443,
            "protocol": "HTTPS",
            "ssl_policy": "ELBSecurityPolicy-2016-08",
            "tags": {},
            "tags_all": {},
            "timeouts": null
          },
          "sensitive_attributes": [],
          "private": "eyJlMmJmYjczMC1lY2FhLTExZTYtOGY4OC0zNDM2M2JjN2M0YzAiOnsicmVhZCI6NjAwMDAwMDAwMDAwfX0=",
          "dependencies": [
            "module.ALB.aws_acm_certificate.michaeloajala",
            "module.ALB.aws_acm_certificate_validation.michaeloajala",
            "module.ALB.aws_lb.ialb",
            "module.ALB.aws_lb_target_group.wordpress-tgt",
            "module.ALB.aws_route53_record.michaeloajala",
            "module.ALB.data.aws_route53_zone.michaeloajala",
            "module.VPC.aws_subnet.private",
            "module.VPC.aws_vpc.main",
            "module.VPC.data.aws_availability_zones.available",
            "module.security.aws_security_group.ACS"
          ]
        }
      ]
    },
    {
      "module": "module.ALB",
      "mode": "managed",
      "type": "aws_lb_listener_rule",
      "name": "tooling-listener",
      "provider": "provider[\"registry.terraform.io/hashicorp/aws\"]",
      "instances": [
        {
          "schema_version": 0,
          "attributes": {
            "action": [
              {
                "authenticate_cognito": [],
                "authenticate_oidc": [],
                "fixed_response": [],
                "forward": [],
                "order": 1,
                "redirect": [],
                "target_group_arn": "arn:aws:elasticloadbalancing:us-west-2:839942615319:targetgroup/michael-tooling-tgt/5077f4d2b477e2d3",
                "type": "forward"
              }
            ],
            "arn": "arn:aws:elasticloadbalancing:us-west-2:839942615319:listener-rule/app/ialb/04fb09bc0961e257/c0388cd6e457d112/c9bf8495f5d6ead1",
            "condition": [
              {
                "host_header": [
                  {
                    "values": [
                      "tooling.michaeloajala.tk"
                    ]
                  }
                ],
                "http_header": [],
                "http_request_method": [],
                "path_pattern": [],
                "query_string": [],
                "source_ip": []
              }
            ],
            "id": "arn:aws:elasticloadbalancing:us-west-2:839942615319:listener-rule/app/ialb/04fb09bc0961e257/c0388cd6e457d112/c9bf8495f5d6ead1",
            "listener_arn": "arn:aws:elasticloadbalancing:us-west-2:839942615319:listener/app/ialb/04fb09bc0961e257/c0388cd6e457d112",
            "priority": 99,
            "tags": {},
            "tags_all": {}
          },
          "sensitive_attributes": [],
          "private": "bnVsbA==",
          "dependencies": [
            "module.ALB.aws_acm_certificate.michaeloajala",
            "module.ALB.aws_acm_certificate_validation.michaeloajala",
            "module.ALB.aws_lb.ialb",
            "module.ALB.aws_lb_listener.web-listener",
            "module.ALB.aws_lb_target_group.tooling-tgt",
            "module.ALB.aws_lb_target_group.wordpress-tgt",
            "module.ALB.aws_route53_record.michaeloajala",
            "module.ALB.data.aws_route53_zone.michaeloajala",
            "module.VPC.aws_subnet.private",
            "module.VPC.aws_vpc.main",
            "module.VPC.data.aws_availability_zones.available",
            "module.security.aws_security_group.ACS"
          ]
        }
      ]
    },
    {
      "module": "module.ALB",
      "mode": "managed",
      "type": "aws_lb_target_group",
      "name": "nginx-tgt",
      "provider": "provider[\"registry.terraform.io/hashicorp/aws\"]",
      "instances": [
        {
          "schema_version": 0,
          "attributes": {
            "arn": "arn:aws:elasticloadbalancing:us-west-2:839942615319:targetgroup/nginx-tgt/1b6b95dfbbced5be",
            "arn_suffix": "targetgroup/nginx-tgt/1b6b95dfbbced5be",
            "connection_termination": false,
            "deregistration_delay": "300",
            "health_check": [
              {
                "enabled": true,
                "healthy_threshold": 5,
                "interval": 10,
                "matcher": "200",
                "path": "/healthstatus",
                "port": "traffic-port",
                "protocol": "HTTPS",
                "timeout": 5,
                "unhealthy_threshold": 2
              }
            ],
            "id": "arn:aws:elasticloadbalancing:us-west-2:839942615319:targetgroup/nginx-tgt/1b6b95dfbbced5be",
            "ip_address_type": "ipv4",
            "lambda_multi_value_headers_enabled": false,
            "load_balancing_algorithm_type": "round_robin",
            "name": "nginx-tgt",
            "name_prefix": null,
            "port": 443,
            "preserve_client_ip": null,
            "protocol": "HTTPS",
            "protocol_version": "HTTP1",
            "proxy_protocol_v2": false,
            "slow_start": 0,
            "stickiness": [
              {
                "cookie_duration": 86400,
                "cookie_name": "",
                "enabled": false,
                "type": "lb_cookie"
              }
            ],
            "tags": {},
            "tags_all": {},
            "target_failover": [
              {
                "on_deregistration": null,
                "on_unhealthy": null
              }
            ],
            "target_type": "instance",
            "vpc_id": "vpc-0433d9ea14969773e"
          },
          "sensitive_attributes": [],
          "private": "bnVsbA==",
          "dependencies": [
            "module.VPC.aws_vpc.main"
          ]
        }
      ]
    },
    {
      "module": "module.ALB",
      "mode": "managed",
      "type": "aws_lb_target_group",
      "name": "tooling-tgt",
      "provider": "provider[\"registry.terraform.io/hashicorp/aws\"]",
      "instances": [
        {
          "schema_version": 0,
          "attributes": {
            "arn": "arn:aws:elasticloadbalancing:us-west-2:839942615319:targetgroup/michael-tooling-tgt/5077f4d2b477e2d3",
            "arn_suffix": "targetgroup/michael-tooling-tgt/5077f4d2b477e2d3",
            "connection_termination": false,
            "deregistration_delay": "300",
            "health_check": [
              {
                "enabled": true,
                "healthy_threshold": 5,
                "interval": 10,
                "matcher": "200",
                "path": "/healthstatus",
                "port": "traffic-port",
                "protocol": "HTTPS",
                "timeout": 5,
                "unhealthy_threshold": 2
              }
            ],
            "id": "arn:aws:elasticloadbalancing:us-west-2:839942615319:targetgroup/michael-tooling-tgt/5077f4d2b477e2d3",
            "ip_address_type": "ipv4",
            "lambda_multi_value_headers_enabled": false,
            "load_balancing_algorithm_type": "round_robin",
            "name": "michael-tooling-tgt",
            "name_prefix": null,
            "port": 443,
            "preserve_client_ip": null,
            "protocol": "HTTPS",
            "protocol_version": "HTTP1",
            "proxy_protocol_v2": false,
            "slow_start": 0,
            "stickiness": [
              {
                "cookie_duration": 86400,
                "cookie_name": "",
                "enabled": false,
                "type": "lb_cookie"
              }
            ],
            "tags": {},
            "tags_all": {},
            "target_failover": [
              {
                "on_deregistration": null,
                "on_unhealthy": null
              }
            ],
            "target_type": "instance",
            "vpc_id": "vpc-0433d9ea14969773e"
          },
          "sensitive_attributes": [],
          "private": "bnVsbA==",
          "dependencies": [
            "module.VPC.aws_vpc.main"
          ]
        }
      ]
    },
    {
      "module": "module.ALB",
      "mode": "managed",
      "type": "aws_lb_target_group",
      "name": "wordpress-tgt",
      "provider": "provider[\"registry.terraform.io/hashicorp/aws\"]",
      "instances": [
        {
          "schema_version": 0,
          "attributes": {
            "arn": "arn:aws:elasticloadbalancing:us-west-2:839942615319:targetgroup/wordpress-tgt/5a2e2bff30de0881",
            "arn_suffix": "targetgroup/wordpress-tgt/5a2e2bff30de0881",
            "connection_termination": false,
            "deregistration_delay": "300",
            "health_check": [
              {
                "enabled": true,
                "healthy_threshold": 5,
                "interval": 10,
                "matcher": "200",
                "path": "/healthstatus",
                "port": "traffic-port",
                "protocol": "HTTPS",
                "timeout": 5,
                "unhealthy_threshold": 2
              }
            ],
            "id": "arn:aws:elasticloadbalancing:us-west-2:839942615319:targetgroup/wordpress-tgt/5a2e2bff30de0881",
            "ip_address_type": "ipv4",
            "lambda_multi_value_headers_enabled": false,
            "load_balancing_algorithm_type": "round_robin",
            "name": "wordpress-tgt",
            "name_prefix": null,
            "port": 443,
            "preserve_client_ip": null,
            "protocol": "HTTPS",
            "protocol_version": "HTTP1",
            "proxy_protocol_v2": false,
            "slow_start": 0,
            "stickiness": [
              {
                "cookie_duration": 86400,
                "cookie_name": "",
                "enabled": false,
                "type": "lb_cookie"
              }
            ],
            "tags": {},
            "tags_all": {},
            "target_failover": [
              {
                "on_deregistration": null,
                "on_unhealthy": null
              }
            ],
            "target_type": "instance",
            "vpc_id": "vpc-0433d9ea14969773e"
          },
          "sensitive_attributes": [],
          "private": "bnVsbA==",
          "dependencies": [
            "module.VPC.aws_vpc.main"
          ]
        }
      ]
    },
    {
      "module": "module.ALB",
      "mode": "managed",
      "type": "aws_route53_record",
      "name": "michaeloajala",
      "provider": "provider[\"registry.terraform.io/hashicorp/aws\"]",
      "instances": [
        {
          "index_key": "*.michaeloajala.tk",
          "schema_version": 2,
          "attributes": {
            "alias": [],
            "allow_overwrite": true,
            "failover_routing_policy": [],
            "fqdn": "_749cc55469d93eb069aae989c43b7e50.michaeloajala.tk",
            "geolocation_routing_policy": [],
            "health_check_id": "",
            "id": "Z0613713GAD925WRWZ2R__749cc55469d93eb069aae989c43b7e50.michaeloajala.tk._CNAME",
            "latency_routing_policy": [],
            "multivalue_answer_routing_policy": null,
            "name": "_749cc55469d93eb069aae989c43b7e50.michaeloajala.tk",
            "records": [
              "_b4687b6caeef2d4efb86a2e8082b09d6.wdrzrjwmwn.acm-validations.aws."
            ],
            "set_identifier": "",
            "ttl": 60,
            "type": "CNAME",
            "weighted_routing_policy": [],
            "zone_id": "Z0613713GAD925WRWZ2R"
          },
          "sensitive_attributes": [],
          "private": "eyJzY2hlbWFfdmVyc2lvbiI6IjIifQ==",
          "dependencies": [
            "module.ALB.aws_acm_certificate.michaeloajala",
            "module.ALB.data.aws_route53_zone.michaeloajala"
          ]
        }
      ]
    },
    {
      "module": "module.ALB",
      "mode": "managed",
      "type": "aws_route53_record",
      "name": "tooling",
      "provider": "provider[\"registry.terraform.io/hashicorp/aws\"]",
      "instances": [
        {
          "schema_version": 2,
          "attributes": {
            "alias": [
              {
                "evaluate_target_health": true,
                "name": "acs-ext-alb-1060248764.us-west-2.elb.amazonaws.com",
                "zone_id": "Z1H1FL5HABSF5"
              }
            ],
            "allow_overwrite": null,
            "failover_routing_policy": [],
            "fqdn": "tooling.michaeloajala.tk",
            "geolocation_routing_policy": [],
            "health_check_id": "",
            "id": "Z0613713GAD925WRWZ2R_tooling.michaeloajala.tk_A",
            "latency_routing_policy": [],
            "multivalue_answer_routing_policy": null,
            "name": "tooling.michaeloajala.tk",
            "records": [],
            "set_identifier": "",
            "ttl": 0,
            "type": "A",
            "weighted_routing_policy": [],
            "zone_id": "Z0613713GAD925WRWZ2R"
          },
          "sensitive_attributes": [],
          "private": "eyJzY2hlbWFfdmVyc2lvbiI6IjIifQ==",
          "dependencies": [
            "module.ALB.aws_lb.ext-alb",
            "module.ALB.data.aws_route53_zone.michaeloajala",
            "module.VPC.aws_subnet.public",
            "module.VPC.aws_vpc.main",
            "module.VPC.data.aws_availability_zones.available",
            "module.security.aws_security_group.ACS"
          ]
        }
      ]
    },
    {
      "module": "module.ALB",
      "mode": "managed",
      "type": "aws_route53_record",
      "name": "wordpress",
      "provider": "provider[\"registry.terraform.io/hashicorp/aws\"]",
      "instances": [
        {
          "schema_version": 2,
          "attributes": {
            "alias": [
              {
                "evaluate_target_health": true,
                "name": "acs-ext-alb-1060248764.us-west-2.elb.amazonaws.com",
                "zone_id": "Z1H1FL5HABSF5"
              }
            ],
            "allow_overwrite": null,
            "failover_routing_policy": [],
            "fqdn": "wordpress.michaelajala.tk.michaeloajala.tk",
            "geolocation_routing_policy": [],
            "health_check_id": "",
            "id": "Z0613713GAD925WRWZ2R_wordpress.michaelajala.tk_A",
            "latency_routing_policy": [],
            "multivalue_answer_routing_policy": null,
            "name": "wordpress.michaelajala.tk",
            "records": [],
            "set_identifier": "",
            "ttl": 0,
            "type": "A",
            "weighted_routing_policy": [],
            "zone_id": "Z0613713GAD925WRWZ2R"
          },
          "sensitive_attributes": [],
          "private": "eyJzY2hlbWFfdmVyc2lvbiI6IjIifQ==",
          "dependencies": [
            "module.ALB.aws_lb.ext-alb",
            "module.ALB.data.aws_route53_zone.michaeloajala",
            "module.VPC.aws_subnet.public",
            "module.VPC.aws_vpc.main",
            "module.VPC.data.aws_availability_zones.available",
            "module.security.aws_security_group.ACS"
          ]
        }
      ]
    },
    {
      "module": "module.AutoScaling",
      "mode": "data",
      "type": "aws_availability_zones",
      "name": "available",
      "provider": "provider[\"registry.terraform.io/hashicorp/aws\"]",
      "instances": [
        {
          "schema_version": 0,
          "attributes": {
            "all_availability_zones": null,
            "exclude_names": null,
            "exclude_zone_ids": null,
            "filter": null,
            "group_names": [
              "us-west-2"
            ],
            "id": "us-west-2",
            "names": [
              "us-west-2a",
              "us-west-2b",
              "us-west-2c",
              "us-west-2d"
            ],
            "state": "available",
            "timeouts": null,
            "zone_ids": [
              "usw2-az1",
              "usw2-az2",
              "usw2-az3",
              "usw2-az4"
            ]
          },
          "sensitive_attributes": []
        }
      ]
    },
    {
      "module": "module.AutoScaling",
      "mode": "managed",
      "type": "aws_autoscaling_attachment",
      "name": "asg_attachment_nginx",
      "provider": "provider[\"registry.terraform.io/hashicorp/aws\"]",
      "instances": [
        {
          "schema_version": 0,
          "attributes": {
            "alb_target_group_arn": "arn:aws:elasticloadbalancing:us-west-2:839942615319:targetgroup/nginx-tgt/1b6b95dfbbced5be",
            "autoscaling_group_name": "nginx-asg",
            "elb": null,
            "id": "nginx-asg-20230107171214629200000001",
            "lb_target_group_arn": null
          },
          "sensitive_attributes": [],
          "private": "bnVsbA==",
          "dependencies": [
            "module.ALB.aws_lb_target_group.nginx-tgt",
            "module.AutoScaling.aws_autoscaling_group.nginx-asg"
          ]
        }
      ]
    },
    {
      "module": "module.AutoScaling",
      "mode": "managed",
      "type": "aws_autoscaling_attachment",
      "name": "asg_attachment_tooling",
      "provider": "provider[\"registry.terraform.io/hashicorp/aws\"]",
      "instances": [
        {
          "schema_version": 0,
          "attributes": {
            "alb_target_group_arn": "arn:aws:elasticloadbalancing:us-west-2:839942615319:targetgroup/michael-tooling-tgt/5077f4d2b477e2d3",
            "autoscaling_group_name": "tooling-asg",
            "elb": null,
            "id": "tooling-asg-20230107171215591900000003",
            "lb_target_group_arn": null
          },
          "sensitive_attributes": [],
          "private": "bnVsbA==",
          "dependencies": [
            "module.ALB.aws_lb_target_group.tooling-tgt",
            "module.AutoScaling.aws_autoscaling_group.tooling-asg"
          ]
        }
      ]
    },
    {
      "module": "module.AutoScaling",
      "mode": "managed",
      "type": "aws_autoscaling_attachment",
      "name": "asg_attachment_wordpress",
      "provider": "provider[\"registry.terraform.io/hashicorp/aws\"]",
      "instances": [
        {
          "schema_version": 0,
          "attributes": {
            "alb_target_group_arn": "arn:aws:elasticloadbalancing:us-west-2:839942615319:targetgroup/wordpress-tgt/5a2e2bff30de0881",
            "autoscaling_group_name": "wordpress-asg",
            "elb": null,
            "id": "wordpress-asg-20230107171215201600000002",
            "lb_target_group_arn": null
          },
          "sensitive_attributes": [],
          "private": "bnVsbA==",
          "dependencies": [
            "module.ALB.aws_lb_target_group.wordpress-tgt",
            "module.AutoScaling.aws_autoscaling_group.wordpress-asg"
          ]
        }
      ]
    },
    {
      "module": "module.AutoScaling",
      "mode": "managed",
      "type": "aws_autoscaling_group",
      "name": "bastion-asg",
      "provider": "provider[\"registry.terraform.io/hashicorp/aws\"]",
      "instances": [
        {
          "schema_version": 0,
          "attributes": {
            "arn": "arn:aws:autoscaling:us-west-2:839942615319:autoScalingGroup:e1836959-c26c-440f-a577-f52db581db5c:autoScalingGroupName/bastion-asg",
            "availability_zones": [
              "us-west-2a",
              "us-west-2b"
            ],
            "capacity_rebalance": false,
            "context": "",
            "default_cooldown": 300,
            "default_instance_warmup": 0,
            "desired_capacity": 2,
            "enabled_metrics": [],
            "force_delete": false,
            "force_delete_warm_pool": false,
            "health_check_grace_period": 300,
            "health_check_type": "ELB",
            "id": "bastion-asg",
            "initial_lifecycle_hook": [],
            "instance_refresh": [],
            "launch_configuration": "",
            "launch_template": [
              {
                "id": "lt-0c4054e37cbb79fda",
                "name": "terraform-20230107120050840000000004",
                "version": "$Latest"
              }
            ],
            "load_balancers": [],
            "max_instance_lifetime": 0,
            "max_size": 2,
            "metrics_granularity": "1Minute",
            "min_elb_capacity": null,
            "min_size": 2,
            "mixed_instances_policy": [],
            "name": "bastion-asg",
            "name_prefix": "",
            "placement_group": "",
            "protect_from_scale_in": false,
            "service_linked_role_arn": "arn:aws:iam::839942615319:role/aws-service-role/autoscaling.amazonaws.com/AWSServiceRoleForAutoScaling",
            "suspended_processes": [],
            "tag": [
              {
                "key": "Name",
                "propagate_at_launch": true,
                "value": "ACS-bastion"
              }
            ],
            "tags": null,
            "target_group_arns": [],
            "termination_policies": [],
            "timeouts": null,
            "vpc_zone_identifier": [
              "subnet-00aad280af7071b86",
              "subnet-02b96537809c5c37f"
            ],
            "wait_for_capacity_timeout": "10m",
            "wait_for_elb_capacity": null,
            "warm_pool": []
          },
          "sensitive_attributes": [],
          "private": "eyJlMmJmYjczMC1lY2FhLTExZTYtOGY4OC0zNDM2M2JjN2M0YzAiOnsiZGVsZXRlIjo2MDAwMDAwMDAwMDAsInVwZGF0ZSI6NjAwMDAwMDAwMDAwfX0=",
          "dependencies": [
            "module.AutoScaling.aws_launch_template.bastion-launch-template",
            "module.VPC.aws_iam_instance_profile.ip",
            "module.VPC.aws_iam_role.ec2_instance_role",
            "module.VPC.aws_subnet.public",
            "module.VPC.aws_vpc.main",
            "module.VPC.data.aws_availability_zones.available",
            "module.security.aws_security_group.ACS"
          ]
        }
      ]
    },
    {
      "module": "module.AutoScaling",
      "mode": "managed",
      "type": "aws_autoscaling_group",
      "name": "nginx-asg",
      "provider": "provider[\"registry.terraform.io/hashicorp/aws\"]",
      "instances": [
        {
          "schema_version": 0,
          "attributes": {
            "arn": "arn:aws:autoscaling:us-west-2:839942615319:autoScalingGroup:8c96fcaf-8eb3-45d3-9ebc-f952faa56cb5:autoScalingGroupName/nginx-asg",
            "availability_zones": [
              "us-west-2a",
              "us-west-2b"
            ],
            "capacity_rebalance": false,
            "context": "",
            "default_cooldown": 300,
            "default_instance_warmup": 0,
            "desired_capacity": 1,
            "enabled_metrics": [],
            "force_delete": false,
            "force_delete_warm_pool": false,
            "health_check_grace_period": 300,
            "health_check_type": "ELB",
            "id": "nginx-asg",
            "initial_lifecycle_hook": [],
            "instance_refresh": [],
            "launch_configuration": "",
            "launch_template": [
              {
                "id": "lt-04f0c594382b8fb24",
                "name": "terraform-20230107120051179400000006",
                "version": "$Latest"
              }
            ],
            "load_balancers": [],
            "max_instance_lifetime": 0,
            "max_size": 2,
            "metrics_granularity": "1Minute",
            "min_elb_capacity": null,
            "min_size": 1,
            "mixed_instances_policy": [],
            "name": "nginx-asg",
            "name_prefix": "",
            "placement_group": "",
            "protect_from_scale_in": false,
            "service_linked_role_arn": "arn:aws:iam::839942615319:role/aws-service-role/autoscaling.amazonaws.com/AWSServiceRoleForAutoScaling",
            "suspended_processes": [],
            "tag": [
              {
                "key": "Name",
                "propagate_at_launch": true,
                "value": "ACS-nginx"
              }
            ],
            "tags": null,
            "target_group_arns": [],
            "termination_policies": [],
            "timeouts": null,
            "vpc_zone_identifier": [
              "subnet-00aad280af7071b86",
              "subnet-02b96537809c5c37f"
            ],
            "wait_for_capacity_timeout": "10m",
            "wait_for_elb_capacity": null,
            "warm_pool": []
          },
          "sensitive_attributes": [],
          "private": "eyJlMmJmYjczMC1lY2FhLTExZTYtOGY4OC0zNDM2M2JjN2M0YzAiOnsiZGVsZXRlIjo2MDAwMDAwMDAwMDAsInVwZGF0ZSI6NjAwMDAwMDAwMDAwfX0=",
          "dependencies": [
            "module.AutoScaling.aws_launch_template.nginx-launch-template",
            "module.VPC.aws_iam_instance_profile.ip",
            "module.VPC.aws_iam_role.ec2_instance_role",
            "module.VPC.aws_subnet.public",
            "module.VPC.aws_vpc.main",
            "module.VPC.data.aws_availability_zones.available",
            "module.security.aws_security_group.ACS"
          ]
        }
      ]
    },
    {
      "module": "module.AutoScaling",
      "mode": "managed",
      "type": "aws_autoscaling_group",
      "name": "tooling-asg",
      "provider": "provider[\"registry.terraform.io/hashicorp/aws\"]",
      "instances": [
        {
          "schema_version": 0,
          "attributes": {
            "arn": "arn:aws:autoscaling:us-west-2:839942615319:autoScalingGroup:14b6dee5-a34a-4701-8449-9192f7b1810d:autoScalingGroupName/tooling-asg",
            "availability_zones": [
              "us-west-2a",
              "us-west-2b"
            ],
            "capacity_rebalance": false,
            "context": "",
            "default_cooldown": 300,
            "default_instance_warmup": 0,
            "desired_capacity": 2,
            "enabled_metrics": [],
            "force_delete": false,
            "force_delete_warm_pool": false,
            "health_check_grace_period": 300,
            "health_check_type": "ELB",
            "id": "tooling-asg",
            "initial_lifecycle_hook": [],
            "instance_refresh": [],
            "launch_configuration": "",
            "launch_template": [
              {
                "id": "lt-09309ecc2f43f01d4",
                "name": "terraform-20230107120056175900000009",
                "version": "$Latest"
              }
            ],
            "load_balancers": [],
            "max_instance_lifetime": 0,
            "max_size": 2,
            "metrics_granularity": "1Minute",
            "min_elb_capacity": null,
            "min_size": 2,
            "mixed_instances_policy": [],
            "name": "tooling-asg",
            "name_prefix": "",
            "placement_group": "",
            "protect_from_scale_in": false,
            "service_linked_role_arn": "arn:aws:iam::839942615319:role/aws-service-role/autoscaling.amazonaws.com/AWSServiceRoleForAutoScaling",
            "suspended_processes": [],
            "tag": [
              {
                "key": "Name",
                "propagate_at_launch": true,
                "value": "ACS-tooling"
              }
            ],
            "tags": null,
            "target_group_arns": [],
            "termination_policies": [],
            "timeouts": null,
            "vpc_zone_identifier": [
              "subnet-025eb125bcec7e31e",
              "subnet-0dae4420d165373d7"
            ],
            "wait_for_capacity_timeout": "10m",
            "wait_for_elb_capacity": null,
            "warm_pool": []
          },
          "sensitive_attributes": [],
          "private": "eyJlMmJmYjczMC1lY2FhLTExZTYtOGY4OC0zNDM2M2JjN2M0YzAiOnsiZGVsZXRlIjo2MDAwMDAwMDAwMDAsInVwZGF0ZSI6NjAwMDAwMDAwMDAwfX0=",
          "dependencies": [
            "module.AutoScaling.aws_launch_template.tooling-launch-template",
            "module.VPC.aws_iam_instance_profile.ip",
            "module.VPC.aws_iam_role.ec2_instance_role",
            "module.VPC.aws_subnet.private",
            "module.VPC.aws_vpc.main",
            "module.VPC.data.aws_availability_zones.available",
            "module.security.aws_security_group.ACS"
          ]
        }
      ]
    },
    {
      "module": "module.AutoScaling",
      "mode": "managed",
      "type": "aws_autoscaling_group",
      "name": "wordpress-asg",
      "provider": "provider[\"registry.terraform.io/hashicorp/aws\"]",
      "instances": [
        {
          "schema_version": 0,
          "attributes": {
            "arn": "arn:aws:autoscaling:us-west-2:839942615319:autoScalingGroup:32bef211-982c-4691-ada5-de79ccab5268:autoScalingGroupName/wordpress-asg",
            "availability_zones": [
              "us-west-2a",
              "us-west-2b"
            ],
            "capacity_rebalance": false,
            "context": "",
            "default_cooldown": 300,
            "default_instance_warmup": 0,
            "desired_capacity": 2,
            "enabled_metrics": [],
            "force_delete": false,
            "force_delete_warm_pool": false,
            "health_check_grace_period": 300,
            "health_check_type": "ELB",
            "id": "wordpress-asg",
            "initial_lifecycle_hook": [],
            "instance_refresh": [],
            "launch_configuration": "",
            "launch_template": [
              {
                "id": "lt-0341ff8218119e406",
                "name": "terraform-2023010712005749930000000b",
                "version": "$Latest"
              }
            ],
            "load_balancers": [],
            "max_instance_lifetime": 0,
            "max_size": 2,
            "metrics_granularity": "1Minute",
            "min_elb_capacity": null,
            "min_size": 2,
            "mixed_instances_policy": [],
            "name": "wordpress-asg",
            "name_prefix": "",
            "placement_group": "",
            "protect_from_scale_in": false,
            "service_linked_role_arn": "arn:aws:iam::839942615319:role/aws-service-role/autoscaling.amazonaws.com/AWSServiceRoleForAutoScaling",
            "suspended_processes": [],
            "tag": [
              {
                "key": "Name",
                "propagate_at_launch": true,
                "value": "ACS-wordpress"
              }
            ],
            "tags": null,
            "target_group_arns": [],
            "termination_policies": [],
            "timeouts": null,
            "vpc_zone_identifier": [
              "subnet-025eb125bcec7e31e",
              "subnet-0dae4420d165373d7"
            ],
            "wait_for_capacity_timeout": "10m",
            "wait_for_elb_capacity": null,
            "warm_pool": []
          },
          "sensitive_attributes": [],
          "private": "eyJlMmJmYjczMC1lY2FhLTExZTYtOGY4OC0zNDM2M2JjN2M0YzAiOnsiZGVsZXRlIjo2MDAwMDAwMDAwMDAsInVwZGF0ZSI6NjAwMDAwMDAwMDAwfX0=",
          "dependencies": [
            "module.AutoScaling.aws_launch_template.wordpress-launch-template",
            "module.VPC.aws_iam_instance_profile.ip",
            "module.VPC.aws_iam_role.ec2_instance_role",
            "module.VPC.aws_subnet.private",
            "module.VPC.aws_vpc.main",
            "module.VPC.data.aws_availability_zones.available",
            "module.security.aws_security_group.ACS"
          ]
        }
      ]
    },
    {
      "module": "module.AutoScaling",
      "mode": "managed",
      "type": "aws_autoscaling_notification",
      "name": "david_notifications",
      "provider": "provider[\"registry.terraform.io/hashicorp/aws\"]",
      "instances": [
        {
          "schema_version": 0,
          "attributes": {
            "group_names": [
              "bastion-asg",
              "nginx-asg",
              "tooling-asg",
              "wordpress-asg"
            ],
            "id": "arn:aws:sns:us-west-2:839942615319:Default_CloudWatch_Alarms_Topic",
            "notifications": [
              "autoscaling:EC2_INSTANCE_LAUNCH",
              "autoscaling:EC2_INSTANCE_LAUNCH_ERROR",
              "autoscaling:EC2_INSTANCE_TERMINATE",
              "autoscaling:EC2_INSTANCE_TERMINATE_ERROR"
            ],
            "topic_arn": "arn:aws:sns:us-west-2:839942615319:Default_CloudWatch_Alarms_Topic"
          },
          "sensitive_attributes": [],
          "private": "bnVsbA==",
          "dependencies": [
            "module.AutoScaling.aws_autoscaling_group.bastion-asg",
            "module.AutoScaling.aws_autoscaling_group.nginx-asg",
            "module.AutoScaling.aws_autoscaling_group.tooling-asg",
            "module.AutoScaling.aws_autoscaling_group.wordpress-asg",
            "module.AutoScaling.aws_launch_template.bastion-launch-template",
            "module.AutoScaling.aws_launch_template.nginx-launch-template",
            "module.AutoScaling.aws_launch_template.tooling-launch-template",
            "module.AutoScaling.aws_launch_template.wordpress-launch-template",
            "module.AutoScaling.aws_sns_topic.ACS-sns",
            "module.VPC.aws_iam_instance_profile.ip",
            "module.VPC.aws_iam_role.ec2_instance_role",
            "module.VPC.aws_subnet.private",
            "module.VPC.aws_subnet.public",
            "module.VPC.aws_vpc.main",
            "module.VPC.data.aws_availability_zones.available",
            "module.security.aws_security_group.ACS"
          ]
        }
      ]
    },
    {
      "module": "module.AutoScaling",
      "mode": "managed",
      "type": "aws_launch_template",
      "name": "bastion-launch-template",
      "provider": "provider[\"registry.terraform.io/hashicorp/aws\"]",
      "instances": [
        {
          "schema_version": 0,
          "attributes": {
            "arn": "arn:aws:ec2:us-west-2:839942615319:launch-template/lt-0c4054e37cbb79fda",
            "block_device_mappings": [],
            "capacity_reservation_specification": [],
            "cpu_options": [],
            "credit_specification": [],
            "default_version": 1,
            "description": "",
            "disable_api_stop": false,
            "disable_api_termination": false,
            "ebs_optimized": "",
            "elastic_gpu_specifications": [],
            "elastic_inference_accelerator": [],
            "enclave_options": [],
            "hibernation_options": [],
            "iam_instance_profile": [
              {
                "arn": "",
                "name": "aws_instance_profile_test"
              }
            ],
            "id": "lt-0c4054e37cbb79fda",
            "image_id": "ami-0530ca8899fac469f",
            "instance_initiated_shutdown_behavior": "",
            "instance_market_options": [],
            "instance_requirements": [],
            "instance_type": "t2.micro",
            "kernel_id": "",
            "key_name": "devops",
            "latest_version": 1,
            "license_specification": [],
            "maintenance_options": [],
            "metadata_options": [],
            "monitoring": [],
            "name": "terraform-20230107120050840000000004",
            "name_prefix": "terraform-",
            "network_interfaces": [],
            "placement": [
              {
                "affinity": "",
                "availability_zone": "random_shuffle.az_list.result",
                "group_name": "",
                "host_id": "",
                "host_resource_group_arn": "",
                "partition_number": 0,
                "spread_domain": "",
                "tenancy": ""
              }
            ],
            "private_dns_name_options": [],
            "ram_disk_id": "",
            "security_group_names": [],
            "tag_specifications": [
              {
                "resource_type": "instance",
                "tags": {
                  "Name": "bastion-launch-template"
                }
              }
            ],
            "tags": {},
            "tags_all": {},
            "update_default_version": null,
            "user_data": "IyBiYXN0aW9uIHVzZXJkYXRhCiMhL2Jpbi9iYXNoCnl1bSBpbnN0YWxsIC15IG15c3FsCnl1bSBpbnN0YWxsIC15IGdpdCB0bXV4Cnl1bSBpbnN0YWxsIC15IGFuc2libGUK",
            "vpc_security_group_ids": [
              "sg-06fbc4e21b80f02b8"
            ]
          },
          "sensitive_attributes": [],
          "private": "bnVsbA==",
          "dependencies": [
            "module.VPC.aws_iam_instance_profile.ip",
            "module.VPC.aws_iam_role.ec2_instance_role",
            "module.VPC.aws_vpc.main",
            "module.security.aws_security_group.ACS"
          ],
          "create_before_destroy": true
        }
      ]
    },
    {
      "module": "module.AutoScaling",
      "mode": "managed",
      "type": "aws_launch_template",
      "name": "nginx-launch-template",
      "provider": "provider[\"registry.terraform.io/hashicorp/aws\"]",
      "instances": [
        {
          "schema_version": 0,
          "attributes": {
            "arn": "arn:aws:ec2:us-west-2:839942615319:launch-template/lt-04f0c594382b8fb24",
            "block_device_mappings": [],
            "capacity_reservation_specification": [],
            "cpu_options": [],
            "credit_specification": [],
            "default_version": 1,
            "description": "",
            "disable_api_stop": false,
            "disable_api_termination": false,
            "ebs_optimized": "",
            "elastic_gpu_specifications": [],
            "elastic_inference_accelerator": [],
            "enclave_options": [],
            "hibernation_options": [],
            "iam_instance_profile": [
              {
                "arn": "",
                "name": "aws_instance_profile_test"
              }
            ],
            "id": "lt-04f0c594382b8fb24",
            "image_id": "ami-0530ca8899fac469f",
            "instance_initiated_shutdown_behavior": "",
            "instance_market_options": [],
            "instance_requirements": [],
            "instance_type": "t2.micro",
            "kernel_id": "",
            "key_name": "devops",
            "latest_version": 1,
            "license_specification": [],
            "maintenance_options": [],
            "metadata_options": [],
            "monitoring": [],
            "name": "terraform-20230107120051179400000006",
            "name_prefix": "terraform-",
            "network_interfaces": [],
            "placement": [
              {
                "affinity": "",
                "availability_zone": "random_shuffle.az_list.result",
                "group_name": "",
                "host_id": "",
                "host_resource_group_arn": "",
                "partition_number": 0,
                "spread_domain": "",
                "tenancy": ""
              }
            ],
            "private_dns_name_options": [],
            "ram_disk_id": "",
            "security_group_names": [],
            "tag_specifications": [
              {
                "resource_type": "instance",
                "tags": {
                  "Name": "nginx-launch-template"
                }
              }
            ],
            "tags": {},
            "tags_all": {},
            "update_default_version": null,
            "user_data": "IyEvYmluL2Jhc2gKeXVtIGluc3RhbGwgLXkgbmdpbngKc3lzdGVtY3RsIHN0YXJ0IG5naW54CnN5c3RlbWN0bCBlbmFibGUgbmdpbngKZ2l0IGNsb25lIGh0dHBzOi8vZ2l0aHViLmNvbS9MaXZpbmdzdG9uZTk1L0FDUy1wcm9qZWN0LWNvbmZpZy5naXQKbXYgL0FDUy1wcm9qZWN0LWNvbmZpZy9yZXZlcnNlLmNvbmYgL2V0Yy9uZ2lueC8KbXYgL2V0Yy9uZ2lueC9uZ2lueC5jb25mIC9ldGMvbmdpbngvbmdpbnguY29uZi1kaXN0cm8KY2QgL2V0Yy9uZ2lueC8KdG91Y2ggbmdpbnguY29uZgpzZWQgLW4gJ3cgbmdpbnguY29uZicgcmV2ZXJzZS5jb25mCnN5c3RlbWN0bCByZXN0YXJ0IG5naW54CnJtIC1yZiByZXZlcnNlLmNvbmYKcm0gLXJmIC9BQ1MtcHJvamVjdC1jb25maWcKCgoK",
            "vpc_security_group_ids": [
              "sg-0e5a86779586b95d9"
            ]
          },
          "sensitive_attributes": [],
          "private": "bnVsbA==",
          "dependencies": [
            "module.VPC.aws_iam_instance_profile.ip",
            "module.VPC.aws_iam_role.ec2_instance_role",
            "module.VPC.aws_vpc.main",
            "module.security.aws_security_group.ACS"
          ],
          "create_before_destroy": true
        }
      ]
    },
    {
      "module": "module.AutoScaling",
      "mode": "managed",
      "type": "aws_launch_template",
      "name": "tooling-launch-template",
      "provider": "provider[\"registry.terraform.io/hashicorp/aws\"]",
      "instances": [
        {
          "schema_version": 0,
          "attributes": {
            "arn": "arn:aws:ec2:us-west-2:839942615319:launch-template/lt-09309ecc2f43f01d4",
            "block_device_mappings": [],
            "capacity_reservation_specification": [],
            "cpu_options": [],
            "credit_specification": [],
            "default_version": 1,
            "description": "",
            "disable_api_stop": false,
            "disable_api_termination": false,
            "ebs_optimized": "",
            "elastic_gpu_specifications": [],
            "elastic_inference_accelerator": [],
            "enclave_options": [],
            "hibernation_options": [],
            "iam_instance_profile": [
              {
                "arn": "",
                "name": "aws_instance_profile_test"
              }
            ],
            "id": "lt-09309ecc2f43f01d4",
            "image_id": "ami-0530ca8899fac469f",
            "instance_initiated_shutdown_behavior": "",
            "instance_market_options": [],
            "instance_requirements": [],
            "instance_type": "t2.micro",
            "kernel_id": "",
            "key_name": "devops",
            "latest_version": 1,
            "license_specification": [],
            "maintenance_options": [],
            "metadata_options": [],
            "monitoring": [],
            "name": "terraform-20230107120056175900000009",
            "name_prefix": "terraform-",
            "network_interfaces": [],
            "placement": [
              {
                "affinity": "",
                "availability_zone": "random_shuffle.az_list.result",
                "group_name": "",
                "host_id": "",
                "host_resource_group_arn": "",
                "partition_number": 0,
                "spread_domain": "",
                "tenancy": ""
              }
            ],
            "private_dns_name_options": [],
            "ram_disk_id": "",
            "security_group_names": [],
            "tag_specifications": [
              {
                "resource_type": "instance",
                "tags": {
                  "Name": "tooling-launch-template"
                }
              }
            ],
            "tags": {},
            "tags_all": {},
            "update_default_version": null,
            "user_data": "IyEvYmluL2Jhc2gKbWtkaXIgL3Zhci93d3cvCnN1ZG8gbW91bnQgLXQgZWZzIC1vIHRscyxhY2Nlc3Nwb2ludD1mc2FwLTAxYzEzYTQwMTljYTU5ZGJlIGZzLThiNTAxZDNmOi8gL3Zhci93d3cvCnl1bSBpbnN0YWxsIC15IGh0dHBkIApzeXN0ZW1jdGwgc3RhcnQgaHR0cGQKc3lzdGVtY3RsIGVuYWJsZSBodHRwZAp5dW0gbW9kdWxlIHJlc2V0IHBocCAteQp5dW0gbW9kdWxlIGVuYWJsZSBwaHA6cmVtaS03LjQgLXkKeXVtIGluc3RhbGwgLXkgcGhwIHBocC1jb21tb24gcGhwLW1ic3RyaW5nIHBocC1vcGNhY2hlIHBocC1pbnRsIHBocC14bWwgcGhwLWdkIHBocC1jdXJsIHBocC1teXNxbG5kIHBocC1mcG0gcGhwLWpzb24Kc3lzdGVtY3RsIHN0YXJ0IHBocC1mcG0Kc3lzdGVtY3RsIGVuYWJsZSBwaHAtZnBtCmdpdCBjbG9uZSBodHRwczovL2dpdGh1Yi5jb20vTGl2aW5nc3RvbmU5NS90b29saW5nLTEuZ2l0Cm1rZGlyIC92YXIvd3d3L2h0bWwKY3AgLVIgL3Rvb2xpbmctMS9odG1sLyogIC92YXIvd3d3L2h0bWwvCmNkIC90b29saW5nLTEKbXlzcWwgLWggYWNzLWRhdGFiYXNlLmNkcXBiamtldGh2MC51cy1lYXN0LTEucmRzLmFtYXpvbmF3cy5jb20gLXUgQUNTYWRtaW4gLXAgdG9vbGluZ2RiIDwgdG9vbGluZy1kYi5zcWwKY2QgL3Zhci93d3cvaHRtbC8KdG91Y2ggaGVhbHRoc3RhdHVzCnNlZCAtaSAicy8kZGIgPSBteXNxbGlfY29ubmVjdCgnbXlzcWwudG9vbGluZy5zdmMuY2x1c3Rlci5sb2NhbCcsICdhZG1pbicsICdhZG1pbicsICd0b29saW5nJyk7LyRkYiA9IG15c3FsaV9jb25uZWN0KCdhY3MtZGF0YWJhc2UuY2RxcGJqa2V0aHYwLnVzLWVhc3QtMS5yZHMuYW1hem9uYXdzLmNvbSAnLCAnQUNTYWRtaW4nLCAnYWRtaW4xMjM0NScsICd0b29saW5nZGInKTsvZyIgZnVuY3Rpb25zLnBocApjaGNvbiAtdCBodHRwZF9zeXNfcndfY29udGVudF90IC92YXIvd3d3L2h0bWwvIC1SCnN5c3RlbWN0bCByZXN0YXJ0IGh0dHBkCgoKCgoK",
            "vpc_security_group_ids": [
              "sg-03ae69be60ca15e16"
            ]
          },
          "sensitive_attributes": [],
          "private": "bnVsbA==",
          "dependencies": [
            "module.VPC.aws_iam_instance_profile.ip",
            "module.VPC.aws_iam_role.ec2_instance_role",
            "module.VPC.aws_vpc.main",
            "module.security.aws_security_group.ACS"
          ],
          "create_before_destroy": true
        }
      ]
    },
    {
      "module": "module.AutoScaling",
      "mode": "managed",
      "type": "aws_launch_template",
      "name": "wordpress-launch-template",
      "provider": "provider[\"registry.terraform.io/hashicorp/aws\"]",
      "instances": [
        {
          "schema_version": 0,
          "attributes": {
            "arn": "arn:aws:ec2:us-west-2:839942615319:launch-template/lt-0341ff8218119e406",
            "block_device_mappings": [],
            "capacity_reservation_specification": [],
            "cpu_options": [],
            "credit_specification": [],
            "default_version": 1,
            "description": "",
            "disable_api_stop": false,
            "disable_api_termination": false,
            "ebs_optimized": "",
            "elastic_gpu_specifications": [],
            "elastic_inference_accelerator": [],
            "enclave_options": [],
            "hibernation_options": [],
            "iam_instance_profile": [
              {
                "arn": "",
                "name": "aws_instance_profile_test"
              }
            ],
            "id": "lt-0341ff8218119e406",
            "image_id": "ami-0530ca8899fac469f",
            "instance_initiated_shutdown_behavior": "",
            "instance_market_options": [],
            "instance_requirements": [],
            "instance_type": "t2.micro",
            "kernel_id": "",
            "key_name": "devops",
            "latest_version": 1,
            "license_specification": [],
            "maintenance_options": [],
            "metadata_options": [],
            "monitoring": [],
            "name": "terraform-2023010712005749930000000b",
            "name_prefix": "terraform-",
            "network_interfaces": [],
            "placement": [
              {
                "affinity": "",
                "availability_zone": "random_shuffle.az_list.result",
                "group_name": "",
                "host_id": "",
                "host_resource_group_arn": "",
                "partition_number": 0,
                "spread_domain": "",
                "tenancy": ""
              }
            ],
            "private_dns_name_options": [],
            "ram_disk_id": "",
            "security_group_names": [],
            "tag_specifications": [
              {
                "resource_type": "instance",
                "tags": {
                  "Name": "wordpress-launch-template"
                }
              }
            ],
            "tags": {},
            "tags_all": {},
            "update_default_version": null,
            "user_data": "IyEvYmluL2Jhc2gKbWtkaXIgL3Zhci93d3cvCnN1ZG8gbW91bnQgLXQgZWZzIC1vIHRscyxhY2Nlc3Nwb2ludD1mc2FwLTBmOTM2NDY3OTM4M2ZmYmMwIGZzLThiNTAxZDNmOi8gL3Zhci93d3cvCnl1bSBpbnN0YWxsIC15IGh0dHBkIApzeXN0ZW1jdGwgc3RhcnQgaHR0cGQKc3lzdGVtY3RsIGVuYWJsZSBodHRwZAp5dW0gbW9kdWxlIHJlc2V0IHBocCAteQp5dW0gbW9kdWxlIGVuYWJsZSBwaHA6cmVtaS03LjQgLXkKeXVtIGluc3RhbGwgLXkgcGhwIHBocC1jb21tb24gcGhwLW1ic3RyaW5nIHBocC1vcGNhY2hlIHBocC1pbnRsIHBocC14bWwgcGhwLWdkIHBocC1jdXJsIHBocC1teXNxbG5kIHBocC1mcG0gcGhwLWpzb24Kc3lzdGVtY3RsIHN0YXJ0IHBocC1mcG0Kc3lzdGVtY3RsIGVuYWJsZSBwaHAtZnBtCndnZXQgaHR0cDovL3dvcmRwcmVzcy5vcmcvbGF0ZXN0LnRhci5negp0YXIgeHp2ZiBsYXRlc3QudGFyLmd6CnJtIC1yZiBsYXRlc3QudGFyLmd6CmNwIHdvcmRwcmVzcy93cC1jb25maWctc2FtcGxlLnBocCB3b3JkcHJlc3Mvd3AtY29uZmlnLnBocApta2RpciAvdmFyL3d3dy9odG1sLwpjcCAtUiAvd29yZHByZXNzLyogL3Zhci93d3cvaHRtbC8KY2QgL3Zhci93d3cvaHRtbC8KdG91Y2ggaGVhbHRoc3RhdHVzCnNlZCAtaSAicy9sb2NhbGhvc3QvYWNzLWRhdGFiYXNlLmNkcXBiamtldGh2MC51cy1lYXN0LTEucmRzLmFtYXpvbmF3cy5jb20vZyIgd3AtY29uZmlnLnBocCAKc2VkIC1pICJzL3VzZXJuYW1lX2hlcmUvQUNTYWRtaW4vZyIgd3AtY29uZmlnLnBocCAKc2VkIC1pICJzL3Bhc3N3b3JkX2hlcmUvYWRtaW4xMjM0NS9nIiB3cC1jb25maWcucGhwIApzZWQgLWkgInMvZGF0YWJhc2VfbmFtZV9oZXJlL3dvcmRwcmVzc2RiL2ciIHdwLWNvbmZpZy5waHAgCmNoY29uIC10IGh0dHBkX3N5c19yd19jb250ZW50X3QgL3Zhci93d3cvaHRtbC8gLVIKc3lzdGVtY3RsIHJlc3RhcnQgaHR0cGQKCgoKCgoKCgoK",
            "vpc_security_group_ids": [
              "sg-03ae69be60ca15e16"
            ]
          },
          "sensitive_attributes": [],
          "private": "bnVsbA==",
          "dependencies": [
            "module.VPC.aws_iam_instance_profile.ip",
            "module.VPC.aws_iam_role.ec2_instance_role",
            "module.VPC.aws_vpc.main",
            "module.security.aws_security_group.ACS"
          ],
          "create_before_destroy": true
        }
      ]
    },
    {
      "module": "module.AutoScaling",
      "mode": "managed",
      "type": "aws_sns_topic",
      "name": "ACS-sns",
      "provider": "provider[\"registry.terraform.io/hashicorp/aws\"]",
      "instances": [
        {
          "schema_version": 0,
          "attributes": {
            "application_failure_feedback_role_arn": "",
            "application_success_feedback_role_arn": "",
            "application_success_feedback_sample_rate": 0,
            "arn": "arn:aws:sns:us-west-2:839942615319:Default_CloudWatch_Alarms_Topic",
            "content_based_deduplication": false,
            "delivery_policy": "",
            "display_name": "",
            "fifo_topic": false,
            "firehose_failure_feedback_role_arn": "",
            "firehose_success_feedback_role_arn": "",
            "firehose_success_feedback_sample_rate": 0,
            "http_failure_feedback_role_arn": "",
            "http_success_feedback_role_arn": "",
            "http_success_feedback_sample_rate": 0,
            "id": "arn:aws:sns:us-west-2:839942615319:Default_CloudWatch_Alarms_Topic",
            "kms_master_key_id": "",
            "lambda_failure_feedback_role_arn": "",
            "lambda_success_feedback_role_arn": "",
            "lambda_success_feedback_sample_rate": 0,
            "name": "Default_CloudWatch_Alarms_Topic",
            "name_prefix": "",
            "owner": "839942615319",
            "policy": "{\"Id\":\"__default_policy_ID\",\"Statement\":[{\"Action\":[\"SNS:GetTopicAttributes\",\"SNS:SetTopicAttributes\",\"SNS:AddPermission\",\"SNS:RemovePermission\",\"SNS:DeleteTopic\",\"SNS:Subscribe\",\"SNS:ListSubscriptionsByTopic\",\"SNS:Publish\"],\"Condition\":{\"StringEquals\":{\"AWS:SourceOwner\":\"839942615319\"}},\"Effect\":\"Allow\",\"Principal\":{\"AWS\":\"*\"},\"Resource\":\"arn:aws:sns:us-west-2:839942615319:Default_CloudWatch_Alarms_Topic\",\"Sid\":\"__default_statement_ID\"}],\"Version\":\"2008-10-17\"}",
            "sqs_failure_feedback_role_arn": "",
            "sqs_success_feedback_role_arn": "",
            "sqs_success_feedback_sample_rate": 0,
            "tags": {},
            "tags_all": {}
          },
          "sensitive_attributes": [],
          "private": "bnVsbA=="
        }
      ]
    },
    {
      "module": "module.AutoScaling",
      "mode": "managed",
      "type": "random_shuffle",
      "name": "az_list",
      "provider": "provider[\"registry.terraform.io/hashicorp/random\"]",
      "instances": [
        {
          "schema_version": 0,
          "attributes": {
            "id": "-",
            "input": [
              "us-west-2a",
              "us-west-2b",
              "us-west-2c",
              "us-west-2d"
            ],
            "keepers": null,
            "result": [
              "us-west-2d",
              "us-west-2a",
              "us-west-2b",
              "us-west-2c"
            ],
            "result_count": null,
            "seed": null
          },
          "sensitive_attributes": [],
          "dependencies": [
            "module.AutoScaling.data.aws_availability_zones.available"
          ]
        }
      ]
    },
    {
      "module": "module.EFS",
      "mode": "managed",
      "type": "aws_efs_access_point",
      "name": "tooling",
      "provider": "provider[\"registry.terraform.io/hashicorp/aws\"]",
      "instances": [
        {
          "schema_version": 0,
          "attributes": {
            "arn": "arn:aws:elasticfilesystem:us-west-2:839942615319:access-point/fsap-0ae7d2871ed982277",
            "file_system_arn": "arn:aws:elasticfilesystem:us-west-2:839942615319:file-system/fs-0e314a146a903389c",
            "file_system_id": "fs-0e314a146a903389c",
            "id": "fsap-0ae7d2871ed982277",
            "owner_id": "839942615319",
            "posix_user": [
              {
                "gid": 0,
                "secondary_gids": [],
                "uid": 0
              }
            ],
            "root_directory": [
              {
                "creation_info": [
                  {
                    "owner_gid": 0,
                    "owner_uid": 0,
                    "permissions": "755"
                  }
                ],
                "path": "/tooling"
              }
            ],
            "tags": {},
            "tags_all": {}
          },
          "sensitive_attributes": [],
          "private": "bnVsbA==",
          "dependencies": [
            "module.EFS.aws_efs_file_system.ACS-efs",
            "module.EFS.aws_kms_key.ACS-kms"
          ]
        }
      ]
    },
    {
      "module": "module.EFS",
      "mode": "managed",
      "type": "aws_efs_access_point",
      "name": "wordpress",
      "provider": "provider[\"registry.terraform.io/hashicorp/aws\"]",
      "instances": [
        {
          "schema_version": 0,
          "attributes": {
            "arn": "arn:aws:elasticfilesystem:us-west-2:839942615319:access-point/fsap-02927c134d87db2f0",
            "file_system_arn": "arn:aws:elasticfilesystem:us-west-2:839942615319:file-system/fs-0e314a146a903389c",
            "file_system_id": "fs-0e314a146a903389c",
            "id": "fsap-02927c134d87db2f0",
            "owner_id": "839942615319",
            "posix_user": [
              {
                "gid": 0,
                "secondary_gids": [],
                "uid": 0
              }
            ],
            "root_directory": [
              {
                "creation_info": [
                  {
                    "owner_gid": 0,
                    "owner_uid": 0,
                    "permissions": "755"
                  }
                ],
                "path": "/wordpress"
              }
            ],
            "tags": {},
            "tags_all": {}
          },
          "sensitive_attributes": [],
          "private": "bnVsbA==",
          "dependencies": [
            "module.EFS.aws_efs_file_system.ACS-efs",
            "module.EFS.aws_kms_key.ACS-kms"
          ]
        }
      ]
    },
    {
      "module": "module.EFS",
      "mode": "managed",
      "type": "aws_efs_file_system",
      "name": "ACS-efs",
      "provider": "provider[\"registry.terraform.io/hashicorp/aws\"]",
      "instances": [
        {
          "schema_version": 0,
          "attributes": {
            "arn": "arn:aws:elasticfilesystem:us-west-2:839942615319:file-system/fs-0e314a146a903389c",
            "availability_zone_id": "",
            "availability_zone_name": "",
            "creation_token": "terraform-20230107120025554000000003",
            "dns_name": "fs-0e314a146a903389c.efs.us-west-2.amazonaws.com",
            "encrypted": true,
            "id": "fs-0e314a146a903389c",
            "kms_key_id": "arn:aws:kms:us-west-2:839942615319:key/6aef38f4-aa81-4c4c-9607-3fcd4585dc13",
            "lifecycle_policy": [],
            "number_of_mount_targets": 2,
            "owner_id": "839942615319",
            "performance_mode": "generalPurpose",
            "provisioned_throughput_in_mibps": 0,
            "size_in_bytes": [
              {
                "value": 6144,
                "value_in_ia": 0,
                "value_in_standard": 6144
              }
            ],
            "tags": {
              "Name": "ACS-file-system"
            },
            "tags_all": {
              "Name": "ACS-file-system"
            },
            "throughput_mode": "bursting"
          },
          "sensitive_attributes": [],
          "private": "bnVsbA==",
          "dependencies": [
            "module.EFS.aws_kms_key.ACS-kms"
          ]
        }
      ]
    },
    {
      "module": "module.EFS",
      "mode": "managed",
      "type": "aws_efs_mount_target",
      "name": "subnet-1",
      "provider": "provider[\"registry.terraform.io/hashicorp/aws\"]",
      "instances": [
        {
          "schema_version": 0,
          "attributes": {
            "availability_zone_id": "usw2-az1",
            "availability_zone_name": "us-west-2a",
            "dns_name": "fs-0e314a146a903389c.efs.us-west-2.amazonaws.com",
            "file_system_arn": "arn:aws:elasticfilesystem:us-west-2:839942615319:file-system/fs-0e314a146a903389c",
            "file_system_id": "fs-0e314a146a903389c",
            "id": "fsmt-0dde6645b132ef6af",
            "ip_address": "10.0.1.140",
            "mount_target_dns_name": "us-west-2a.fs-0e314a146a903389c.efs.us-west-2.amazonaws.com",
            "network_interface_id": "eni-0359b396e39508c9a",
            "owner_id": "839942615319",
            "security_groups": [
              "sg-09eae16832a6f8fee"
            ],
            "subnet_id": "subnet-025eb125bcec7e31e"
          },
          "sensitive_attributes": [],
          "private": "bnVsbA==",
          "dependencies": [
            "module.EFS.aws_efs_file_system.ACS-efs",
            "module.EFS.aws_kms_key.ACS-kms",
            "module.VPC.aws_subnet.private",
            "module.VPC.aws_vpc.main",
            "module.VPC.data.aws_availability_zones.available",
            "module.security.aws_security_group.ACS"
          ]
        }
      ]
    },
    {
      "module": "module.EFS",
      "mode": "managed",
      "type": "aws_efs_mount_target",
      "name": "subnet-2",
      "provider": "provider[\"registry.terraform.io/hashicorp/aws\"]",
      "instances": [
        {
          "schema_version": 0,
          "attributes": {
            "availability_zone_id": "usw2-az2",
            "availability_zone_name": "us-west-2b",
            "dns_name": "fs-0e314a146a903389c.efs.us-west-2.amazonaws.com",
            "file_system_arn": "arn:aws:elasticfilesystem:us-west-2:839942615319:file-system/fs-0e314a146a903389c",
            "file_system_id": "fs-0e314a146a903389c",
            "id": "fsmt-05d1a98820e6093b8",
            "ip_address": "10.0.3.234",
            "mount_target_dns_name": "us-west-2b.fs-0e314a146a903389c.efs.us-west-2.amazonaws.com",
            "network_interface_id": "eni-01e47d02a8ca21999",
            "owner_id": "839942615319",
            "security_groups": [
              "sg-09eae16832a6f8fee"
            ],
            "subnet_id": "subnet-0dae4420d165373d7"
          },
          "sensitive_attributes": [],
          "private": "bnVsbA==",
          "dependencies": [
            "module.EFS.aws_efs_file_system.ACS-efs",
            "module.EFS.aws_kms_key.ACS-kms",
            "module.VPC.aws_subnet.private",
            "module.VPC.aws_vpc.main",
            "module.VPC.data.aws_availability_zones.available",
            "module.security.aws_security_group.ACS"
          ]
        }
      ]
    },
    {
      "module": "module.EFS",
      "mode": "managed",
      "type": "aws_kms_alias",
      "name": "alias",
      "provider": "provider[\"registry.terraform.io/hashicorp/aws\"]",
      "instances": [
        {
          "schema_version": 0,
          "attributes": {
            "arn": "arn:aws:kms:us-west-2:839942615319:alias/kms",
            "id": "alias/kms",
            "name": "alias/kms",
            "name_prefix": "",
            "target_key_arn": "arn:aws:kms:us-west-2:839942615319:key/6aef38f4-aa81-4c4c-9607-3fcd4585dc13",
            "target_key_id": "6aef38f4-aa81-4c4c-9607-3fcd4585dc13"
          },
          "sensitive_attributes": [],
          "private": "bnVsbA==",
          "dependencies": [
            "module.EFS.aws_kms_key.ACS-kms"
          ]
        }
      ]
    },
    {
      "module": "module.EFS",
      "mode": "managed",
      "type": "aws_kms_key",
      "name": "ACS-kms",
      "provider": "provider[\"registry.terraform.io/hashicorp/aws\"]",
      "instances": [
        {
          "schema_version": 0,
          "attributes": {
            "arn": "arn:aws:kms:us-west-2:839942615319:key/6aef38f4-aa81-4c4c-9607-3fcd4585dc13",
            "bypass_policy_lockout_safety_check": false,
            "custom_key_store_id": "",
            "customer_master_key_spec": "SYMMETRIC_DEFAULT",
            "deletion_window_in_days": null,
            "description": "KMS key ",
            "enable_key_rotation": false,
            "id": "6aef38f4-aa81-4c4c-9607-3fcd4585dc13",
            "is_enabled": true,
            "key_id": "6aef38f4-aa81-4c4c-9607-3fcd4585dc13",
            "key_usage": "ENCRYPT_DECRYPT",
            "multi_region": false,
            "policy": "  {\n  \"Version\": \"2012-10-17\",\n  \"Id\": \"kms-key-policy\",\n  \"Statement\": [\n    {\n      \"Sid\": \"Enable IAM User Permissions\",\n      \"Effect\": \"Allow\",\n      \"Principal\": { \"AWS\": \"arn:aws:iam::839942615319:user/michael\" },\n      \"Action\": \"kms:*\",\n      \"Resource\": \"*\"\n    }\n  ]\n}\n",
            "tags": {},
            "tags_all": {}
          },
          "sensitive_attributes": [],
          "private": "bnVsbA=="
        }
      ]
    },
    {
      "module": "module.RDS",
      "mode": "managed",
      "type": "aws_db_instance",
      "name": "ACS-rds",
      "provider": "provider[\"registry.terraform.io/hashicorp/aws\"]",
      "instances": [
        {
          "schema_version": 1,
          "attributes": {
            "address": "terraform-20230107120141763400000011.ccrbwr8h4cgh.us-west-2.rds.amazonaws.com",
            "allocated_storage": 20,
            "allow_major_version_upgrade": null,
            "apply_immediately": false,
            "arn": "arn:aws:rds:us-west-2:839942615319:db:terraform-20230107120141763400000011",
            "auto_minor_version_upgrade": true,
            "availability_zone": "us-west-2d",
            "backup_retention_period": 0,
            "backup_window": "07:09-07:39",
            "blue_green_update": [],
            "ca_cert_identifier": "rds-ca-2019",
            "character_set_name": "",
            "copy_tags_to_snapshot": false,
            "custom_iam_instance_profile": "",
            "customer_owned_ip_enabled": false,
            "db_name": "michaeldb",
            "db_subnet_group_name": "acs-rds",
            "delete_automated_backups": true,
            "deletion_protection": false,
            "domain": "",
            "domain_iam_role_name": "",
            "enabled_cloudwatch_logs_exports": [],
            "endpoint": "terraform-20230107120141763400000011.ccrbwr8h4cgh.us-west-2.rds.amazonaws.com:3306",
            "engine": "mysql",
            "engine_version": "5.7",
            "engine_version_actual": "5.7.38",
            "final_snapshot_identifier": null,
            "hosted_zone_id": "Z1PVIF0B656C1W",
            "iam_database_authentication_enabled": false,
            "id": "terraform-20230107120141763400000011",
            "identifier": "terraform-20230107120141763400000011",
            "identifier_prefix": "terraform-",
            "instance_class": "db.t3.micro",
            "iops": 0,
            "kms_key_id": "",
            "latest_restorable_time": "",
            "license_model": "general-public-license",
            "maintenance_window": "wed:09:03-wed:09:33",
            "max_allocated_storage": 0,
            "monitoring_interval": 0,
            "monitoring_role_arn": "",
            "multi_az": true,
            "name": "michaeldb",
            "nchar_character_set_name": "",
            "network_type": "IPV4",
            "option_group_name": "default:mysql-5-7",
            "parameter_group_name": "default.mysql5.7",
            "password": "michaeloajala",
            "performance_insights_enabled": false,
            "performance_insights_kms_key_id": "",
            "performance_insights_retention_period": 0,
            "port": 3306,
            "publicly_accessible": false,
            "replica_mode": "",
            "replicas": [],
            "replicate_source_db": "",
            "resource_id": "db-3SFNBU3MPQKPJHEWEK2BP6CERI",
            "restore_to_point_in_time": [],
            "s3_import": [],
            "security_group_names": [],
            "skip_final_snapshot": true,
            "snapshot_identifier": null,
            "status": "available",
            "storage_encrypted": false,
            "storage_throughput": 0,
            "storage_type": "gp2",
            "tags": {},
            "tags_all": {},
            "timeouts": null,
            "timezone": "",
            "username": "michael",
            "vpc_security_group_ids": [
              "sg-09eae16832a6f8fee"
            ]
          },
          "sensitive_attributes": [],
          "private": "eyJlMmJmYjczMC1lY2FhLTExZTYtOGY4OC0zNDM2M2JjN2M0YzAiOnsiY3JlYXRlIjoyNDAwMDAwMDAwMDAwLCJkZWxldGUiOjM2MDAwMDAwMDAwMDAsInVwZGF0ZSI6NDgwMDAwMDAwMDAwMH0sInNjaGVtYV92ZXJzaW9uIjoiMSJ9",
          "dependencies": [
            "module.RDS.aws_db_subnet_group.ACS-rds",
            "module.VPC.aws_subnet.private",
            "module.VPC.aws_vpc.main",
            "module.VPC.data.aws_availability_zones.available",
            "module.security.aws_security_group.ACS"
          ]
        }
      ]
    },
    {
      "module": "module.RDS",
      "mode": "managed",
      "type": "aws_db_subnet_group",
      "name": "ACS-rds",
      "provider": "provider[\"registry.terraform.io/hashicorp/aws\"]",
      "instances": [
        {
          "schema_version": 0,
          "attributes": {
            "arn": "arn:aws:rds:us-west-2:839942615319:subgrp:acs-rds",
            "description": "Managed by Terraform",
            "id": "acs-rds",
            "name": "acs-rds",
            "name_prefix": "",
            "subnet_ids": [
              "subnet-02026346361247b0a",
              "subnet-04cf889d5012153ae"
            ],
            "supported_network_types": [
              "IPV4"
            ],
            "tags": {
              "Name": "ACS-database"
            },
            "tags_all": {
              "Name": "ACS-database"
            }
          },
          "sensitive_attributes": [],
          "private": "bnVsbA==",
          "dependencies": [
            "module.VPC.aws_subnet.private",
            "module.VPC.aws_vpc.main",
            "module.VPC.data.aws_availability_zones.available"
          ]
        }
      ]
    },
    {
      "module": "module.VPC",
      "mode": "data",
      "type": "aws_availability_zones",
      "name": "available",
      "provider": "provider[\"registry.terraform.io/hashicorp/aws\"]",
      "instances": [
        {
          "schema_version": 0,
          "attributes": {
            "all_availability_zones": null,
            "exclude_names": null,
            "exclude_zone_ids": null,
            "filter": null,
            "group_names": [
              "us-west-2"
            ],
            "id": "us-west-2",
            "names": [
              "us-west-2a",
              "us-west-2b",
              "us-west-2c",
              "us-west-2d"
            ],
            "state": "available",
            "timeouts": null,
            "zone_ids": [
              "usw2-az1",
              "usw2-az2",
              "usw2-az3",
              "usw2-az4"
            ]
          },
          "sensitive_attributes": []
        }
      ]
    },
    {
      "module": "module.VPC",
      "mode": "managed",
      "type": "aws_eip",
      "name": "nat_eip",
      "provider": "provider[\"registry.terraform.io/hashicorp/aws\"]",
      "instances": [
        {
          "schema_version": 0,
          "attributes": {
            "address": null,
            "allocation_id": "eipalloc-0a8aed687013e3f91",
            "associate_with_private_ip": null,
            "association_id": "eipassoc-076922aebc891219a",
            "carrier_ip": "",
            "customer_owned_ip": "",
            "customer_owned_ipv4_pool": "",
            "domain": "vpc",
            "id": "eipalloc-0a8aed687013e3f91",
            "instance": "",
            "network_border_group": "us-west-2",
            "network_interface": "eni-002e92245790215eb",
            "private_dns": "ip-10-0-2-198.us-west-2.compute.internal",
            "private_ip": "10.0.2.198",
            "public_dns": "ec2-44-227-52-128.us-west-2.compute.amazonaws.com",
            "public_ip": "44.227.52.128",
            "public_ipv4_pool": "amazon",
            "tags": {
              "Name": "ACS-EIP-true"
            },
            "tags_all": {
              "Name": "ACS-EIP-true"
            },
            "timeouts": null,
            "vpc": true
          },
          "sensitive_attributes": [],
          "private": "eyJlMmJmYjczMC1lY2FhLTExZTYtOGY4OC0zNDM2M2JjN2M0YzAiOnsiZGVsZXRlIjoxODAwMDAwMDAwMDAsInJlYWQiOjkwMDAwMDAwMDAwMCwidXBkYXRlIjozMDAwMDAwMDAwMDB9fQ==",
          "dependencies": [
            "module.VPC.aws_internet_gateway.ig",
            "module.VPC.aws_vpc.main"
          ]
        }
      ]
    },
    {
      "module": "module.VPC",
      "mode": "managed",
      "type": "aws_iam_instance_profile",
      "name": "ip",
      "provider": "provider[\"registry.terraform.io/hashicorp/aws\"]",
      "instances": [
        {
          "schema_version": 0,
          "attributes": {
            "arn": "arn:aws:iam::839942615319:instance-profile/aws_instance_profile_test",
            "create_date": "2023-01-07T12:00:20Z",
            "id": "aws_instance_profile_test",
            "name": "aws_instance_profile_test",
            "name_prefix": null,
            "path": "/",
            "role": "ec2_instance_role",
            "tags": {},
            "tags_all": {},
            "unique_id": "AIPA4HED3GELS76WR55MS"
          },
          "sensitive_attributes": [],
          "private": "bnVsbA==",
          "dependencies": [
            "module.VPC.aws_iam_role.ec2_instance_role"
          ],
          "create_before_destroy": true
        }
      ]
    },
    {
      "module": "module.VPC",
      "mode": "managed",
      "type": "aws_iam_policy",
      "name": "policy",
      "provider": "provider[\"registry.terraform.io/hashicorp/aws\"]",
      "instances": [
        {
          "schema_version": 0,
          "attributes": {
            "arn": "arn:aws:iam::839942615319:policy/ec2_instance_policy",
            "description": "A test policy",
            "id": "arn:aws:iam::839942615319:policy/ec2_instance_policy",
            "name": "ec2_instance_policy",
            "name_prefix": null,
            "path": "/",
            "policy": "{\"Statement\":[{\"Action\":[\"ec2:Describe*\"],\"Effect\":\"Allow\",\"Resource\":\"*\"}],\"Version\":\"2012-10-17\"}",
            "policy_id": "ANPA4HED3GEL47GRPWT7P",
            "tags": {
              "Environment": "true",
              "Name": "aws assume policy"
            },
            "tags_all": {
              "Environment": "true",
              "Name": "aws assume policy"
            }
          },
          "sensitive_attributes": [],
          "private": "bnVsbA=="
        }
      ]
    },
    {
      "module": "module.VPC",
      "mode": "managed",
      "type": "aws_iam_role",
      "name": "ec2_instance_role",
      "provider": "provider[\"registry.terraform.io/hashicorp/aws\"]",
      "instances": [
        {
          "schema_version": 0,
          "attributes": {
            "arn": "arn:aws:iam::839942615319:role/ec2_instance_role",
            "assume_role_policy": "{\"Statement\":[{\"Action\":\"sts:AssumeRole\",\"Effect\":\"Allow\",\"Principal\":{\"Service\":\"ec2.amazonaws.com\"},\"Sid\":\"\"}],\"Version\":\"2012-10-17\"}",
            "create_date": "2023-01-07T12:00:18Z",
            "description": "",
            "force_detach_policies": false,
            "id": "ec2_instance_role",
            "inline_policy": [],
            "managed_policy_arns": [
              "arn:aws:iam::839942615319:policy/ec2_instance_policy"
            ],
            "max_session_duration": 3600,
            "name": "ec2_instance_role",
            "name_prefix": "",
            "path": "/",
            "permissions_boundary": null,
            "tags": {
              "Environment": "true",
              "Name": "aws assume role"
            },
            "tags_all": {
              "Environment": "true",
              "Name": "aws assume role"
            },
            "unique_id": "AROA4HED3GEL2UOIQOFTF"
          },
          "sensitive_attributes": [],
          "private": "bnVsbA==",
          "create_before_destroy": true
        }
      ]
    },
    {
      "module": "module.VPC",
      "mode": "managed",
      "type": "aws_iam_role_policy_attachment",
      "name": "test-attach",
      "provider": "provider[\"registry.terraform.io/hashicorp/aws\"]",
      "instances": [
        {
          "schema_version": 0,
          "attributes": {
            "id": "ec2_instance_role-20230107120021008500000002",
            "policy_arn": "arn:aws:iam::839942615319:policy/ec2_instance_policy",
            "role": "ec2_instance_role"
          },
          "sensitive_attributes": [],
          "private": "bnVsbA==",
          "dependencies": [
            "module.VPC.aws_iam_policy.policy",
            "module.VPC.aws_iam_role.ec2_instance_role"
          ]
        }
      ]
    },
    {
      "module": "module.VPC",
      "mode": "managed",
      "type": "aws_internet_gateway",
      "name": "ig",
      "provider": "provider[\"registry.terraform.io/hashicorp/aws\"]",
      "instances": [
        {
          "schema_version": 0,
          "attributes": {
            "arn": "arn:aws:ec2:us-west-2:839942615319:internet-gateway/igw-027fe116912562819",
            "id": "igw-027fe116912562819",
            "owner_id": "839942615319",
            "tags": {
              "Name": "ACS-vpc-0433d9ea14969773e-IG!"
            },
            "tags_all": {
              "Name": "ACS-vpc-0433d9ea14969773e-IG!"
            },
            "timeouts": null,
            "vpc_id": "vpc-0433d9ea14969773e"
          },
          "sensitive_attributes": [],
          "private": "eyJlMmJmYjczMC1lY2FhLTExZTYtOGY4OC0zNDM2M2JjN2M0YzAiOnsiY3JlYXRlIjoxMjAwMDAwMDAwMDAwLCJkZWxldGUiOjEyMDAwMDAwMDAwMDAsInVwZGF0ZSI6MTIwMDAwMDAwMDAwMH19",
          "dependencies": [
            "module.VPC.aws_vpc.main"
          ]
        }
      ]
    },
    {
      "module": "module.VPC",
      "mode": "managed",
      "type": "aws_nat_gateway",
      "name": "nat",
      "provider": "provider[\"registry.terraform.io/hashicorp/aws\"]",
      "instances": [
        {
          "schema_version": 0,
          "attributes": {
            "allocation_id": "eipalloc-0a8aed687013e3f91",
            "connectivity_type": "public",
            "id": "nat-0f07d584c7179108e",
            "network_interface_id": "eni-002e92245790215eb",
            "private_ip": "10.0.2.198",
            "public_ip": "44.227.52.128",
            "subnet_id": "subnet-00aad280af7071b86",
            "tags": {
              "Name": "ACS-Nat-true"
            },
            "tags_all": {
              "Name": "ACS-Nat-true"
            }
          },
          "sensitive_attributes": [],
          "private": "bnVsbA==",
          "dependencies": [
            "module.VPC.aws_eip.nat_eip",
            "module.VPC.aws_internet_gateway.ig",
            "module.VPC.aws_subnet.public",
            "module.VPC.aws_vpc.main",
            "module.VPC.data.aws_availability_zones.available"
          ]
        }
      ]
    },
    {
      "module": "module.VPC",
      "mode": "managed",
      "type": "aws_route",
      "name": "private-rtb-route",
      "provider": "provider[\"registry.terraform.io/hashicorp/aws\"]",
      "instances": [
        {
          "schema_version": 0,
          "attributes": {
            "carrier_gateway_id": "",
            "core_network_arn": "",
            "destination_cidr_block": "0.0.0.0/0",
            "destination_ipv6_cidr_block": "",
            "destination_prefix_list_id": "",
            "egress_only_gateway_id": "",
            "gateway_id": "",
            "id": "r-rtb-0fce78b790522ceb21080289494",
            "instance_id": "",
            "instance_owner_id": "",
            "local_gateway_id": "",
            "nat_gateway_id": "nat-0f07d584c7179108e",
            "network_interface_id": "",
            "origin": "CreateRoute",
            "route_table_id": "rtb-0fce78b790522ceb2",
            "state": "active",
            "timeouts": null,
            "transit_gateway_id": "",
            "vpc_endpoint_id": "",
            "vpc_peering_connection_id": ""
          },
          "sensitive_attributes": [],
          "private": "eyJlMmJmYjczMC1lY2FhLTExZTYtOGY4OC0zNDM2M2JjN2M0YzAiOnsiY3JlYXRlIjozMDAwMDAwMDAwMDAsImRlbGV0ZSI6MzAwMDAwMDAwMDAwLCJ1cGRhdGUiOjEyMDAwMDAwMDAwMH19",
          "dependencies": [
            "module.VPC.aws_nat_gateway.nat",
            "module.VPC.aws_route_table.private-rtb"
          ]
        }
      ]
    },
    {
      "module": "module.VPC",
      "mode": "managed",
      "type": "aws_route",
      "name": "public-rtb-route",
      "provider": "provider[\"registry.terraform.io/hashicorp/aws\"]",
      "instances": [
        {
          "schema_version": 0,
          "attributes": {
            "carrier_gateway_id": "",
            "core_network_arn": "",
            "destination_cidr_block": "0.0.0.0/0",
            "destination_ipv6_cidr_block": "",
            "destination_prefix_list_id": "",
            "egress_only_gateway_id": "",
            "gateway_id": "igw-027fe116912562819",
            "id": "r-rtb-0702ef0b33c02973a1080289494",
            "instance_id": "",
            "instance_owner_id": "",
            "local_gateway_id": "",
            "nat_gateway_id": "",
            "network_interface_id": "",
            "origin": "CreateRoute",
            "route_table_id": "rtb-0702ef0b33c02973a",
            "state": "active",
            "timeouts": null,
            "transit_gateway_id": "",
            "vpc_endpoint_id": "",
            "vpc_peering_connection_id": ""
          },
          "sensitive_attributes": [],
          "private": "eyJlMmJmYjczMC1lY2FhLTExZTYtOGY4OC0zNDM2M2JjN2M0YzAiOnsiY3JlYXRlIjozMDAwMDAwMDAwMDAsImRlbGV0ZSI6MzAwMDAwMDAwMDAwLCJ1cGRhdGUiOjEyMDAwMDAwMDAwMH19",
          "dependencies": [
            "module.VPC.aws_internet_gateway.ig",
            "module.VPC.aws_route_table.public-rtb",
            "module.VPC.aws_vpc.main"
          ]
        }
      ]
    },
    {
      "module": "module.VPC",
      "mode": "managed",
      "type": "aws_route_table",
      "name": "private-rtb",
      "provider": "provider[\"registry.terraform.io/hashicorp/aws\"]",
      "instances": [
        {
          "schema_version": 0,
          "attributes": {
            "arn": "arn:aws:ec2:us-west-2:839942615319:route-table/rtb-0fce78b790522ceb2",
            "id": "rtb-0fce78b790522ceb2",
            "owner_id": "839942615319",
            "propagating_vgws": [],
            "route": [
              {
                "carrier_gateway_id": "",
                "cidr_block": "0.0.0.0/0",
                "core_network_arn": "",
                "destination_prefix_list_id": "",
                "egress_only_gateway_id": "",
                "gateway_id": "",
                "instance_id": "",
                "ipv6_cidr_block": "",
                "local_gateway_id": "",
                "nat_gateway_id": "nat-0f07d584c7179108e",
                "network_interface_id": "",
                "transit_gateway_id": "",
                "vpc_endpoint_id": "",
                "vpc_peering_connection_id": ""
              }
            ],
            "tags": {
              "Name": "ACS-Private-Route-Table-true"
            },
            "tags_all": {
              "Name": "ACS-Private-Route-Table-true"
            },
            "timeouts": null,
            "vpc_id": "vpc-0433d9ea14969773e"
          },
          "sensitive_attributes": [],
          "private": "eyJlMmJmYjczMC1lY2FhLTExZTYtOGY4OC0zNDM2M2JjN2M0YzAiOnsiY3JlYXRlIjozMDAwMDAwMDAwMDAsImRlbGV0ZSI6MzAwMDAwMDAwMDAwLCJ1cGRhdGUiOjEyMDAwMDAwMDAwMH19",
          "dependencies": [
            "module.VPC.aws_vpc.main"
          ]
        }
      ]
    },
    {
      "module": "module.VPC",
      "mode": "managed",
      "type": "aws_route_table",
      "name": "public-rtb",
      "provider": "provider[\"registry.terraform.io/hashicorp/aws\"]",
      "instances": [
        {
          "schema_version": 0,
          "attributes": {
            "arn": "arn:aws:ec2:us-west-2:839942615319:route-table/rtb-0702ef0b33c02973a",
            "id": "rtb-0702ef0b33c02973a",
            "owner_id": "839942615319",
            "propagating_vgws": [],
            "route": [
              {
                "carrier_gateway_id": "",
                "cidr_block": "0.0.0.0/0",
                "core_network_arn": "",
                "destination_prefix_list_id": "",
                "egress_only_gateway_id": "",
                "gateway_id": "igw-027fe116912562819",
                "instance_id": "",
                "ipv6_cidr_block": "",
                "local_gateway_id": "",
                "nat_gateway_id": "",
                "network_interface_id": "",
                "transit_gateway_id": "",
                "vpc_endpoint_id": "",
                "vpc_peering_connection_id": ""
              }
            ],
            "tags": {
              "Name": "ACS-Public-Route-Table-true"
            },
            "tags_all": {
              "Name": "ACS-Public-Route-Table-true"
            },
            "timeouts": null,
            "vpc_id": "vpc-0433d9ea14969773e"
          },
          "sensitive_attributes": [],
          "private": "eyJlMmJmYjczMC1lY2FhLTExZTYtOGY4OC0zNDM2M2JjN2M0YzAiOnsiY3JlYXRlIjozMDAwMDAwMDAwMDAsImRlbGV0ZSI6MzAwMDAwMDAwMDAwLCJ1cGRhdGUiOjEyMDAwMDAwMDAwMH19",
          "dependencies": [
            "module.VPC.aws_vpc.main"
          ]
        }
      ]
    },
    {
      "module": "module.VPC",
      "mode": "managed",
      "type": "aws_route_table_association",
      "name": "private-subnets-assoc",
      "provider": "provider[\"registry.terraform.io/hashicorp/aws\"]",
      "instances": [
        {
          "index_key": 0,
          "schema_version": 0,
          "attributes": {
            "gateway_id": "",
            "id": "rtbassoc-0077f9588ef0a3e3d",
            "route_table_id": "rtb-0fce78b790522ceb2",
            "subnet_id": "subnet-025eb125bcec7e31e"
          },
          "sensitive_attributes": [],
          "private": "bnVsbA==",
          "dependencies": [
            "module.VPC.aws_route_table.private-rtb",
            "module.VPC.aws_subnet.private",
            "module.VPC.aws_vpc.main",
            "module.VPC.data.aws_availability_zones.available"
          ]
        },
        {
          "index_key": 1,
          "schema_version": 0,
          "attributes": {
            "gateway_id": "",
            "id": "rtbassoc-0e7d2e0878fcac353",
            "route_table_id": "rtb-0fce78b790522ceb2",
            "subnet_id": "subnet-0dae4420d165373d7"
          },
          "sensitive_attributes": [],
          "private": "bnVsbA==",
          "dependencies": [
            "module.VPC.aws_route_table.private-rtb",
            "module.VPC.aws_subnet.private",
            "module.VPC.aws_vpc.main",
            "module.VPC.data.aws_availability_zones.available"
          ]
        },
        {
          "index_key": 2,
          "schema_version": 0,
          "attributes": {
            "gateway_id": "",
            "id": "rtbassoc-0971f6a37bce98c8c",
            "route_table_id": "rtb-0fce78b790522ceb2",
            "subnet_id": "subnet-02026346361247b0a"
          },
          "sensitive_attributes": [],
          "private": "bnVsbA==",
          "dependencies": [
            "module.VPC.aws_route_table.private-rtb",
            "module.VPC.aws_subnet.private",
            "module.VPC.aws_vpc.main",
            "module.VPC.data.aws_availability_zones.available"
          ]
        },
        {
          "index_key": 3,
          "schema_version": 0,
          "attributes": {
            "gateway_id": "",
            "id": "rtbassoc-05094e333a79b1bf6",
            "route_table_id": "rtb-0fce78b790522ceb2",
            "subnet_id": "subnet-04cf889d5012153ae"
          },
          "sensitive_attributes": [],
          "private": "bnVsbA==",
          "dependencies": [
            "module.VPC.aws_route_table.private-rtb",
            "module.VPC.aws_subnet.private",
            "module.VPC.aws_vpc.main",
            "module.VPC.data.aws_availability_zones.available"
          ]
        }
      ]
    },
    {
      "module": "module.VPC",
      "mode": "managed",
      "type": "aws_route_table_association",
      "name": "public-subnets-assoc",
      "provider": "provider[\"registry.terraform.io/hashicorp/aws\"]",
      "instances": [
        {
          "index_key": 0,
          "schema_version": 0,
          "attributes": {
            "gateway_id": "",
            "id": "rtbassoc-03cb9344e6dda726a",
            "route_table_id": "rtb-0702ef0b33c02973a",
            "subnet_id": "subnet-00aad280af7071b86"
          },
          "sensitive_attributes": [],
          "private": "bnVsbA==",
          "dependencies": [
            "module.VPC.aws_route_table.public-rtb",
            "module.VPC.aws_subnet.public",
            "module.VPC.aws_vpc.main",
            "module.VPC.data.aws_availability_zones.available"
          ]
        },
        {
          "index_key": 1,
          "schema_version": 0,
          "attributes": {
            "gateway_id": "",
            "id": "rtbassoc-049c737938fedd3b8",
            "route_table_id": "rtb-0702ef0b33c02973a",
            "subnet_id": "subnet-02b96537809c5c37f"
          },
          "sensitive_attributes": [],
          "private": "bnVsbA==",
          "dependencies": [
            "module.VPC.aws_route_table.public-rtb",
            "module.VPC.aws_subnet.public",
            "module.VPC.aws_vpc.main",
            "module.VPC.data.aws_availability_zones.available"
          ]
        }
      ]
    },
    {
      "module": "module.VPC",
      "mode": "managed",
      "type": "aws_subnet",
      "name": "private",
      "provider": "provider[\"registry.terraform.io/hashicorp/aws\"]",
      "instances": [
        {
          "index_key": 0,
          "schema_version": 1,
          "attributes": {
            "arn": "arn:aws:ec2:us-west-2:839942615319:subnet/subnet-025eb125bcec7e31e",
            "assign_ipv6_address_on_creation": false,
            "availability_zone": "us-west-2a",
            "availability_zone_id": "usw2-az1",
            "cidr_block": "10.0.1.0/24",
            "customer_owned_ipv4_pool": "",
            "enable_dns64": false,
            "enable_resource_name_dns_a_record_on_launch": false,
            "enable_resource_name_dns_aaaa_record_on_launch": false,
            "id": "subnet-025eb125bcec7e31e",
            "ipv6_cidr_block": "",
            "ipv6_cidr_block_association_id": "",
            "ipv6_native": false,
            "map_customer_owned_ip_on_launch": false,
            "map_public_ip_on_launch": true,
            "outpost_arn": "",
            "owner_id": "839942615319",
            "private_dns_hostname_type_on_launch": "ip-name",
            "tags": {
              "Name": "ACS-PrivateSubnet-0"
            },
            "tags_all": {
              "Name": "ACS-PrivateSubnet-0"
            },
            "timeouts": null,
            "vpc_id": "vpc-0433d9ea14969773e"
          },
          "sensitive_attributes": [],
          "private": "eyJlMmJmYjczMC1lY2FhLTExZTYtOGY4OC0zNDM2M2JjN2M0YzAiOnsiY3JlYXRlIjo2MDAwMDAwMDAwMDAsImRlbGV0ZSI6MTIwMDAwMDAwMDAwMH0sInNjaGVtYV92ZXJzaW9uIjoiMSJ9",
          "dependencies": [
            "module.VPC.aws_vpc.main",
            "module.VPC.data.aws_availability_zones.available"
          ]
        },
        {
          "index_key": 1,
          "schema_version": 1,
          "attributes": {
            "arn": "arn:aws:ec2:us-west-2:839942615319:subnet/subnet-0dae4420d165373d7",
            "assign_ipv6_address_on_creation": false,
            "availability_zone": "us-west-2b",
            "availability_zone_id": "usw2-az2",
            "cidr_block": "10.0.3.0/24",
            "customer_owned_ipv4_pool": "",
            "enable_dns64": false,
            "enable_resource_name_dns_a_record_on_launch": false,
            "enable_resource_name_dns_aaaa_record_on_launch": false,
            "id": "subnet-0dae4420d165373d7",
            "ipv6_cidr_block": "",
            "ipv6_cidr_block_association_id": "",
            "ipv6_native": false,
            "map_customer_owned_ip_on_launch": false,
            "map_public_ip_on_launch": true,
            "outpost_arn": "",
            "owner_id": "839942615319",
            "private_dns_hostname_type_on_launch": "ip-name",
            "tags": {
              "Name": "ACS-PrivateSubnet-1"
            },
            "tags_all": {
              "Name": "ACS-PrivateSubnet-1"
            },
            "timeouts": null,
            "vpc_id": "vpc-0433d9ea14969773e"
          },
          "sensitive_attributes": [],
          "private": "eyJlMmJmYjczMC1lY2FhLTExZTYtOGY4OC0zNDM2M2JjN2M0YzAiOnsiY3JlYXRlIjo2MDAwMDAwMDAwMDAsImRlbGV0ZSI6MTIwMDAwMDAwMDAwMH0sInNjaGVtYV92ZXJzaW9uIjoiMSJ9",
          "dependencies": [
            "module.VPC.aws_vpc.main",
            "module.VPC.data.aws_availability_zones.available"
          ]
        },
        {
          "index_key": 2,
          "schema_version": 1,
          "attributes": {
            "arn": "arn:aws:ec2:us-west-2:839942615319:subnet/subnet-02026346361247b0a",
            "assign_ipv6_address_on_creation": false,
            "availability_zone": "us-west-2c",
            "availability_zone_id": "usw2-az3",
            "cidr_block": "10.0.5.0/24",
            "customer_owned_ipv4_pool": "",
            "enable_dns64": false,
            "enable_resource_name_dns_a_record_on_launch": false,
            "enable_resource_name_dns_aaaa_record_on_launch": false,
            "id": "subnet-02026346361247b0a",
            "ipv6_cidr_block": "",
            "ipv6_cidr_block_association_id": "",
            "ipv6_native": false,
            "map_customer_owned_ip_on_launch": false,
            "map_public_ip_on_launch": true,
            "outpost_arn": "",
            "owner_id": "839942615319",
            "private_dns_hostname_type_on_launch": "ip-name",
            "tags": {
              "Name": "ACS-PrivateSubnet-2"
            },
            "tags_all": {
              "Name": "ACS-PrivateSubnet-2"
            },
            "timeouts": null,
            "vpc_id": "vpc-0433d9ea14969773e"
          },
          "sensitive_attributes": [],
          "private": "eyJlMmJmYjczMC1lY2FhLTExZTYtOGY4OC0zNDM2M2JjN2M0YzAiOnsiY3JlYXRlIjo2MDAwMDAwMDAwMDAsImRlbGV0ZSI6MTIwMDAwMDAwMDAwMH0sInNjaGVtYV92ZXJzaW9uIjoiMSJ9",
          "dependencies": [
            "module.VPC.aws_vpc.main",
            "module.VPC.data.aws_availability_zones.available"
          ]
        },
        {
          "index_key": 3,
          "schema_version": 1,
          "attributes": {
            "arn": "arn:aws:ec2:us-west-2:839942615319:subnet/subnet-04cf889d5012153ae",
            "assign_ipv6_address_on_creation": false,
            "availability_zone": "us-west-2d",
            "availability_zone_id": "usw2-az4",
            "cidr_block": "10.0.7.0/24",
            "customer_owned_ipv4_pool": "",
            "enable_dns64": false,
            "enable_resource_name_dns_a_record_on_launch": false,
            "enable_resource_name_dns_aaaa_record_on_launch": false,
            "id": "subnet-04cf889d5012153ae",
            "ipv6_cidr_block": "",
            "ipv6_cidr_block_association_id": "",
            "ipv6_native": false,
            "map_customer_owned_ip_on_launch": false,
            "map_public_ip_on_launch": true,
            "outpost_arn": "",
            "owner_id": "839942615319",
            "private_dns_hostname_type_on_launch": "ip-name",
            "tags": {
              "Name": "ACS-PrivateSubnet-3"
            },
            "tags_all": {
              "Name": "ACS-PrivateSubnet-3"
            },
            "timeouts": null,
            "vpc_id": "vpc-0433d9ea14969773e"
          },
          "sensitive_attributes": [],
          "private": "eyJlMmJmYjczMC1lY2FhLTExZTYtOGY4OC0zNDM2M2JjN2M0YzAiOnsiY3JlYXRlIjo2MDAwMDAwMDAwMDAsImRlbGV0ZSI6MTIwMDAwMDAwMDAwMH0sInNjaGVtYV92ZXJzaW9uIjoiMSJ9",
          "dependencies": [
            "module.VPC.aws_vpc.main",
            "module.VPC.data.aws_availability_zones.available"
          ]
        }
      ]
    },
    {
      "module": "module.VPC",
      "mode": "managed",
      "type": "aws_subnet",
      "name": "public",
      "provider": "provider[\"registry.terraform.io/hashicorp/aws\"]",
      "instances": [
        {
          "index_key": 0,
          "schema_version": 1,
          "attributes": {
            "arn": "arn:aws:ec2:us-west-2:839942615319:subnet/subnet-00aad280af7071b86",
            "assign_ipv6_address_on_creation": false,
            "availability_zone": "us-west-2a",
            "availability_zone_id": "usw2-az1",
            "cidr_block": "10.0.2.0/24",
            "customer_owned_ipv4_pool": "",
            "enable_dns64": false,
            "enable_resource_name_dns_a_record_on_launch": false,
            "enable_resource_name_dns_aaaa_record_on_launch": false,
            "id": "subnet-00aad280af7071b86",
            "ipv6_cidr_block": "",
            "ipv6_cidr_block_association_id": "",
            "ipv6_native": false,
            "map_customer_owned_ip_on_launch": false,
            "map_public_ip_on_launch": true,
            "outpost_arn": "",
            "owner_id": "839942615319",
            "private_dns_hostname_type_on_launch": "ip-name",
            "tags": {
              "Name": "ACS-PublicSubnet-0"
            },
            "tags_all": {
              "Name": "ACS-PublicSubnet-0"
            },
            "timeouts": null,
            "vpc_id": "vpc-0433d9ea14969773e"
          },
          "sensitive_attributes": [],
          "private": "eyJlMmJmYjczMC1lY2FhLTExZTYtOGY4OC0zNDM2M2JjN2M0YzAiOnsiY3JlYXRlIjo2MDAwMDAwMDAwMDAsImRlbGV0ZSI6MTIwMDAwMDAwMDAwMH0sInNjaGVtYV92ZXJzaW9uIjoiMSJ9",
          "dependencies": [
            "module.VPC.aws_vpc.main",
            "module.VPC.data.aws_availability_zones.available"
          ]
        },
        {
          "index_key": 1,
          "schema_version": 1,
          "attributes": {
            "arn": "arn:aws:ec2:us-west-2:839942615319:subnet/subnet-02b96537809c5c37f",
            "assign_ipv6_address_on_creation": false,
            "availability_zone": "us-west-2b",
            "availability_zone_id": "usw2-az2",
            "cidr_block": "10.0.4.0/24",
            "customer_owned_ipv4_pool": "",
            "enable_dns64": false,
            "enable_resource_name_dns_a_record_on_launch": false,
            "enable_resource_name_dns_aaaa_record_on_launch": false,
            "id": "subnet-02b96537809c5c37f",
            "ipv6_cidr_block": "",
            "ipv6_cidr_block_association_id": "",
            "ipv6_native": false,
            "map_customer_owned_ip_on_launch": false,
            "map_public_ip_on_launch": true,
            "outpost_arn": "",
            "owner_id": "839942615319",
            "private_dns_hostname_type_on_launch": "ip-name",
            "tags": {
              "Name": "ACS-PublicSubnet-1"
            },
            "tags_all": {
              "Name": "ACS-PublicSubnet-1"
            },
            "timeouts": null,
            "vpc_id": "vpc-0433d9ea14969773e"
          },
          "sensitive_attributes": [],
          "private": "eyJlMmJmYjczMC1lY2FhLTExZTYtOGY4OC0zNDM2M2JjN2M0YzAiOnsiY3JlYXRlIjo2MDAwMDAwMDAwMDAsImRlbGV0ZSI6MTIwMDAwMDAwMDAwMH0sInNjaGVtYV92ZXJzaW9uIjoiMSJ9",
          "dependencies": [
            "module.VPC.aws_vpc.main",
            "module.VPC.data.aws_availability_zones.available"
          ]
        }
      ]
    },
    {
      "module": "module.VPC",
      "mode": "managed",
      "type": "aws_vpc",
      "name": "main",
      "provider": "provider[\"registry.terraform.io/hashicorp/aws\"]",
      "instances": [
        {
          "schema_version": 1,
          "attributes": {
            "arn": "arn:aws:ec2:us-west-2:839942615319:vpc/vpc-0433d9ea14969773e",
            "assign_generated_ipv6_cidr_block": false,
            "cidr_block": "10.0.0.0/16",
            "default_network_acl_id": "acl-060d4c91bf0ea410b",
            "default_route_table_id": "rtb-09956a3681e32e279",
            "default_security_group_id": "sg-018199807a1fc6943",
            "dhcp_options_id": "dopt-0b5192682c76c8a49",
            "enable_classiclink": false,
            "enable_classiclink_dns_support": true,
            "enable_dns_hostnames": true,
            "enable_dns_support": true,
            "enable_network_address_usage_metrics": false,
            "id": "vpc-0433d9ea14969773e",
            "instance_tenancy": "default",
            "ipv4_ipam_pool_id": null,
            "ipv4_netmask_length": null,
            "ipv6_association_id": "",
            "ipv6_cidr_block": "",
            "ipv6_cidr_block_network_border_group": "",
            "ipv6_ipam_pool_id": "",
            "ipv6_netmask_length": 0,
            "main_route_table_id": "rtb-09956a3681e32e279",
            "owner_id": "839942615319",
            "tags": {
              "Name": "ACS-VPC"
            },
            "tags_all": {
              "Name": "ACS-VPC"
            }
          },
          "sensitive_attributes": [],
          "private": "eyJzY2hlbWFfdmVyc2lvbiI6IjEifQ==",
          "create_before_destroy": true
        }
      ]
    },
    {
      "module": "module.compute",
      "mode": "managed",
      "type": "aws_instance",
      "name": "Jenkins",
      "provider": "provider[\"registry.terraform.io/hashicorp/aws\"]",
      "instances": [
        {
          "schema_version": 1,
          "attributes": {
            "ami": "ami-0530ca8899fac469f",
            "arn": "arn:aws:ec2:us-west-2:839942615319:instance/i-0f525bd2d7bccd045",
            "associate_public_ip_address": true,
            "availability_zone": "us-west-2a",
            "capacity_reservation_specification": [
              {
                "capacity_reservation_preference": "open",
                "capacity_reservation_target": []
              }
            ],
            "cpu_core_count": 1,
            "cpu_threads_per_core": 1,
            "credit_specification": [
              {
                "cpu_credits": "standard"
              }
            ],
            "disable_api_stop": false,
            "disable_api_termination": false,
            "ebs_block_device": [],
            "ebs_optimized": false,
            "enclave_options": [
              {
                "enabled": false
              }
            ],
            "ephemeral_block_device": [],
            "get_password_data": false,
            "hibernation": false,
            "host_id": null,
            "host_resource_group_arn": null,
            "iam_instance_profile": "",
            "id": "i-0f525bd2d7bccd045",
            "instance_initiated_shutdown_behavior": "stop",
            "instance_state": "running",
            "instance_type": "t2.micro",
            "ipv6_address_count": 0,
            "ipv6_addresses": [],
            "key_name": "devops",
            "launch_template": [],
            "maintenance_options": [
              {
                "auto_recovery": "default"
              }
            ],
            "metadata_options": [
              {
                "http_endpoint": "enabled",
                "http_put_response_hop_limit": 1,
                "http_tokens": "optional",
                "instance_metadata_tags": "disabled"
              }
            ],
            "monitoring": false,
            "network_interface": [],
            "outpost_arn": "",
            "password_data": "",
            "placement_group": "",
            "placement_partition_number": null,
            "primary_network_interface_id": "eni-0147df94501ecb2aa",
            "private_dns": "ip-10-0-2-33.us-west-2.compute.internal",
            "private_dns_name_options": [
              {
                "enable_resource_name_dns_a_record": false,
                "enable_resource_name_dns_aaaa_record": false,
                "hostname_type": "ip-name"
              }
            ],
            "private_ip": "10.0.2.33",
            "public_dns": "ec2-35-90-240-137.us-west-2.compute.amazonaws.com",
            "public_ip": "35.90.240.137",
            "root_block_device": [
              {
                "delete_on_termination": true,
                "device_name": "/dev/sda1",
                "encrypted": false,
                "iops": 100,
                "kms_key_id": "",
                "tags": {},
                "throughput": 0,
                "volume_id": "vol-0d6c6310672336f8b",
                "volume_size": 8,
                "volume_type": "gp2"
              }
            ],
            "secondary_private_ips": [],
            "security_groups": [],
            "source_dest_check": true,
            "subnet_id": "subnet-00aad280af7071b86",
            "tags": {
              "Name": "ACS-Jenkins"
            },
            "tags_all": {
              "Name": "ACS-Jenkins"
            },
            "tenancy": "default",
            "timeouts": null,
            "user_data": null,
            "user_data_base64": null,
            "user_data_replace_on_change": false,
            "volume_tags": null,
            "vpc_security_group_ids": [
              "sg-01b51108d7661da11"
            ]
          },
          "sensitive_attributes": [],
          "private": "eyJlMmJmYjczMC1lY2FhLTExZTYtOGY4OC0zNDM2M2JjN2M0YzAiOnsiY3JlYXRlIjo2MDAwMDAwMDAwMDAsImRlbGV0ZSI6MTIwMDAwMDAwMDAwMCwidXBkYXRlIjo2MDAwMDAwMDAwMDB9LCJzY2hlbWFfdmVyc2lvbiI6IjEifQ==",
          "dependencies": [
            "module.VPC.aws_subnet.public",
            "module.VPC.aws_vpc.main",
            "module.VPC.data.aws_availability_zones.available",
            "module.security.aws_security_group.ACS"
          ]
        }
      ]
    },
    {
      "module": "module.compute",
      "mode": "managed",
      "type": "aws_instance",
      "name": "artifactory",
      "provider": "provider[\"registry.terraform.io/hashicorp/aws\"]",
      "instances": [
        {
          "schema_version": 1,
          "attributes": {
            "ami": "ami-0530ca8899fac469f",
            "arn": "arn:aws:ec2:us-west-2:839942615319:instance/i-0c88b777efd83ffd4",
            "associate_public_ip_address": true,
            "availability_zone": "us-west-2a",
            "capacity_reservation_specification": [
              {
                "capacity_reservation_preference": "open",
                "capacity_reservation_target": []
              }
            ],
            "cpu_core_count": 2,
            "cpu_threads_per_core": 1,
            "credit_specification": [
              {
                "cpu_credits": "standard"
              }
            ],
            "disable_api_stop": false,
            "disable_api_termination": false,
            "ebs_block_device": [],
            "ebs_optimized": false,
            "enclave_options": [
              {
                "enabled": false
              }
            ],
            "ephemeral_block_device": [],
            "get_password_data": false,
            "hibernation": false,
            "host_id": null,
            "host_resource_group_arn": null,
            "iam_instance_profile": "",
            "id": "i-0c88b777efd83ffd4",
            "instance_initiated_shutdown_behavior": "stop",
            "instance_state": "running",
            "instance_type": "t2.medium",
            "ipv6_address_count": 0,
            "ipv6_addresses": [],
            "key_name": "devops",
            "launch_template": [],
            "maintenance_options": [
              {
                "auto_recovery": "default"
              }
            ],
            "metadata_options": [
              {
                "http_endpoint": "enabled",
                "http_put_response_hop_limit": 1,
                "http_tokens": "optional",
                "instance_metadata_tags": "disabled"
              }
            ],
            "monitoring": false,
            "network_interface": [],
            "outpost_arn": "",
            "password_data": "",
            "placement_group": "",
            "placement_partition_number": null,
            "primary_network_interface_id": "eni-0faf1d2a669a5a187",
            "private_dns": "ip-10-0-2-219.us-west-2.compute.internal",
            "private_dns_name_options": [
              {
                "enable_resource_name_dns_a_record": false,
                "enable_resource_name_dns_aaaa_record": false,
                "hostname_type": "ip-name"
              }
            ],
            "private_ip": "10.0.2.219",
            "public_dns": "ec2-34-219-140-247.us-west-2.compute.amazonaws.com",
            "public_ip": "34.219.140.247",
            "root_block_device": [
              {
                "delete_on_termination": true,
                "device_name": "/dev/sda1",
                "encrypted": false,
                "iops": 100,
                "kms_key_id": "",
                "tags": {},
                "throughput": 0,
                "volume_id": "vol-09ec828f2987f75ae",
                "volume_size": 8,
                "volume_type": "gp2"
              }
            ],
            "secondary_private_ips": [],
            "security_groups": [],
            "source_dest_check": true,
            "subnet_id": "subnet-00aad280af7071b86",
            "tags": {
              "Name": "ACS-artifactory"
            },
            "tags_all": {
              "Name": "ACS-artifactory"
            },
            "tenancy": "default",
            "timeouts": null,
            "user_data": null,
            "user_data_base64": null,
            "user_data_replace_on_change": false,
            "volume_tags": null,
            "vpc_security_group_ids": [
              "sg-01b51108d7661da11"
            ]
          },
          "sensitive_attributes": [],
          "private": "eyJlMmJmYjczMC1lY2FhLTExZTYtOGY4OC0zNDM2M2JjN2M0YzAiOnsiY3JlYXRlIjo2MDAwMDAwMDAwMDAsImRlbGV0ZSI6MTIwMDAwMDAwMDAwMCwidXBkYXRlIjo2MDAwMDAwMDAwMDB9LCJzY2hlbWFfdmVyc2lvbiI6IjEifQ==",
          "dependencies": [
            "module.VPC.aws_subnet.public",
            "module.VPC.aws_vpc.main",
            "module.VPC.data.aws_availability_zones.available",
            "module.security.aws_security_group.ACS"
          ]
        }
      ]
    },
    {
      "module": "module.compute",
      "mode": "managed",
      "type": "aws_instance",
      "name": "sonbarqube",
      "provider": "provider[\"registry.terraform.io/hashicorp/aws\"]",
      "instances": [
        {
          "schema_version": 1,
          "attributes": {
            "ami": "ami-0530ca8899fac469f",
            "arn": "arn:aws:ec2:us-west-2:839942615319:instance/i-030eb7f7dd237ef89",
            "associate_public_ip_address": true,
            "availability_zone": "us-west-2a",
            "capacity_reservation_specification": [
              {
                "capacity_reservation_preference": "open",
                "capacity_reservation_target": []
              }
            ],
            "cpu_core_count": 2,
            "cpu_threads_per_core": 1,
            "credit_specification": [
              {
                "cpu_credits": "standard"
              }
            ],
            "disable_api_stop": false,
            "disable_api_termination": false,
            "ebs_block_device": [],
            "ebs_optimized": false,
            "enclave_options": [
              {
                "enabled": false
              }
            ],
            "ephemeral_block_device": [],
            "get_password_data": false,
            "hibernation": false,
            "host_id": null,
            "host_resource_group_arn": null,
            "iam_instance_profile": "",
            "id": "i-030eb7f7dd237ef89",
            "instance_initiated_shutdown_behavior": "stop",
            "instance_state": "running",
            "instance_type": "t2.medium",
            "ipv6_address_count": 0,
            "ipv6_addresses": [],
            "key_name": "devops",
            "launch_template": [],
            "maintenance_options": [
              {
                "auto_recovery": "default"
              }
            ],
            "metadata_options": [
              {
                "http_endpoint": "enabled",
                "http_put_response_hop_limit": 1,
                "http_tokens": "optional",
                "instance_metadata_tags": "disabled"
              }
            ],
            "monitoring": false,
            "network_interface": [],
            "outpost_arn": "",
            "password_data": "",
            "placement_group": "",
            "placement_partition_number": null,
            "primary_network_interface_id": "eni-08dba0e56c10dde06",
            "private_dns": "ip-10-0-2-132.us-west-2.compute.internal",
            "private_dns_name_options": [
              {
                "enable_resource_name_dns_a_record": false,
                "enable_resource_name_dns_aaaa_record": false,
                "hostname_type": "ip-name"
              }
            ],
            "private_ip": "10.0.2.132",
            "public_dns": "ec2-34-219-111-45.us-west-2.compute.amazonaws.com",
            "public_ip": "34.219.111.45",
            "root_block_device": [
              {
                "delete_on_termination": true,
                "device_name": "/dev/sda1",
                "encrypted": false,
                "iops": 100,
                "kms_key_id": "",
                "tags": {},
                "throughput": 0,
                "volume_id": "vol-0710301ebc385c67c",
                "volume_size": 8,
                "volume_type": "gp2"
              }
            ],
            "secondary_private_ips": [],
            "security_groups": [],
            "source_dest_check": true,
            "subnet_id": "subnet-00aad280af7071b86",
            "tags": {
              "Name": "ACS-sonbarqube"
            },
            "tags_all": {
              "Name": "ACS-sonbarqube"
            },
            "tenancy": "default",
            "timeouts": null,
            "user_data": null,
            "user_data_base64": null,
            "user_data_replace_on_change": false,
            "volume_tags": null,
            "vpc_security_group_ids": [
              "sg-01b51108d7661da11"
            ]
          },
          "sensitive_attributes": [],
          "private": "eyJlMmJmYjczMC1lY2FhLTExZTYtOGY4OC0zNDM2M2JjN2M0YzAiOnsiY3JlYXRlIjo2MDAwMDAwMDAwMDAsImRlbGV0ZSI6MTIwMDAwMDAwMDAwMCwidXBkYXRlIjo2MDAwMDAwMDAwMDB9LCJzY2hlbWFfdmVyc2lvbiI6IjEifQ==",
          "dependencies": [
            "module.VPC.aws_subnet.public",
            "module.VPC.aws_vpc.main",
            "module.VPC.data.aws_availability_zones.available",
            "module.security.aws_security_group.ACS"
          ]
        }
      ]
    },
    {
      "module": "module.security",
      "mode": "managed",
      "type": "aws_security_group",
      "name": "ACS",
      "provider": "provider[\"registry.terraform.io/hashicorp/aws\"]",
      "instances": [
        {
          "index_key": "bastion-sg",
          "schema_version": 1,
          "attributes": {
            "arn": "arn:aws:ec2:us-west-2:839942615319:security-group/sg-06fbc4e21b80f02b8",
            "description": "for bastion instances",
            "egress": [
              {
                "cidr_blocks": [
                  "0.0.0.0/0"
                ],
                "description": "",
                "from_port": 0,
                "ipv6_cidr_blocks": [],
                "prefix_list_ids": [],
                "protocol": "-1",
                "security_groups": [],
                "self": false,
                "to_port": 0
              }
            ],
            "id": "sg-06fbc4e21b80f02b8",
            "ingress": [
              {
                "cidr_blocks": [
                  "0.0.0.0/0"
                ],
                "description": "",
                "from_port": 22,
                "ipv6_cidr_blocks": [],
                "prefix_list_ids": [],
                "protocol": "tcp",
                "security_groups": [],
                "self": false,
                "to_port": 22
              }
            ],
            "name": "bastion-sg",
            "name_prefix": "",
            "owner_id": "839942615319",
            "revoke_rules_on_delete": false,
            "tags": {
              "Name": "bastion-sg"
            },
            "tags_all": {
              "Name": "bastion-sg"
            },
            "timeouts": null,
            "vpc_id": "vpc-0433d9ea14969773e"
          },
          "sensitive_attributes": [],
          "private": "eyJlMmJmYjczMC1lY2FhLTExZTYtOGY4OC0zNDM2M2JjN2M0YzAiOnsiY3JlYXRlIjo2MDAwMDAwMDAwMDAsImRlbGV0ZSI6OTAwMDAwMDAwMDAwfSwic2NoZW1hX3ZlcnNpb24iOiIxIn0=",
          "dependencies": [
            "module.VPC.aws_vpc.main"
          ],
          "create_before_destroy": true
        },
        {
          "index_key": "datalayer-sg",
          "schema_version": 1,
          "attributes": {
            "arn": "arn:aws:ec2:us-west-2:839942615319:security-group/sg-09eae16832a6f8fee",
            "description": "data layer security group",
            "egress": [
              {
                "cidr_blocks": [
                  "0.0.0.0/0"
                ],
                "description": "",
                "from_port": 0,
                "ipv6_cidr_blocks": [],
                "prefix_list_ids": [],
                "protocol": "-1",
                "security_groups": [],
                "self": false,
                "to_port": 0
              }
            ],
            "id": "sg-09eae16832a6f8fee",
            "ingress": [
              {
                "cidr_blocks": [],
                "description": "",
                "from_port": 2049,
                "ipv6_cidr_blocks": [],
                "prefix_list_ids": [],
                "protocol": "tcp",
                "security_groups": [
                  "sg-03ae69be60ca15e16"
                ],
                "self": false,
                "to_port": 2049
              },
              {
                "cidr_blocks": [],
                "description": "",
                "from_port": 3306,
                "ipv6_cidr_blocks": [],
                "prefix_list_ids": [],
                "protocol": "tcp",
                "security_groups": [
                  "sg-03ae69be60ca15e16",
                  "sg-06fbc4e21b80f02b8"
                ],
                "self": false,
                "to_port": 3306
              }
            ],
            "name": "datalayer-sg",
            "name_prefix": "",
            "owner_id": "839942615319",
            "revoke_rules_on_delete": false,
            "tags": {
              "Name": "datalayer-sg"
            },
            "tags_all": {
              "Name": "datalayer-sg"
            },
            "timeouts": null,
            "vpc_id": "vpc-0433d9ea14969773e"
          },
          "sensitive_attributes": [],
          "private": "eyJlMmJmYjczMC1lY2FhLTExZTYtOGY4OC0zNDM2M2JjN2M0YzAiOnsiY3JlYXRlIjo2MDAwMDAwMDAwMDAsImRlbGV0ZSI6OTAwMDAwMDAwMDAwfSwic2NoZW1hX3ZlcnNpb24iOiIxIn0=",
          "dependencies": [
            "module.VPC.aws_vpc.main"
          ],
          "create_before_destroy": true
        },
        {
          "index_key": "ext-alb-sg",
          "schema_version": 1,
          "attributes": {
            "arn": "arn:aws:ec2:us-west-2:839942615319:security-group/sg-01b51108d7661da11",
            "description": "for external loadbalncer",
            "egress": [
              {
                "cidr_blocks": [
                  "0.0.0.0/0"
                ],
                "description": "",
                "from_port": 0,
                "ipv6_cidr_blocks": [],
                "prefix_list_ids": [],
                "protocol": "-1",
                "security_groups": [],
                "self": false,
                "to_port": 0
              }
            ],
            "id": "sg-01b51108d7661da11",
            "ingress": [
              {
                "cidr_blocks": [
                  "0.0.0.0/0"
                ],
                "description": "",
                "from_port": 443,
                "ipv6_cidr_blocks": [],
                "prefix_list_ids": [],
                "protocol": "tcp",
                "security_groups": [],
                "self": false,
                "to_port": 443
              },
              {
                "cidr_blocks": [
                  "0.0.0.0/0"
                ],
                "description": "",
                "from_port": 80,
                "ipv6_cidr_blocks": [],
                "prefix_list_ids": [],
                "protocol": "tcp",
                "security_groups": [],
                "self": false,
                "to_port": 80
              }
            ],
            "name": "ext-alb-sg",
            "name_prefix": "",
            "owner_id": "839942615319",
            "revoke_rules_on_delete": false,
            "tags": {
              "Name": "ext-alb-sg"
            },
            "tags_all": {
              "Name": "ext-alb-sg"
            },
            "timeouts": null,
            "vpc_id": "vpc-0433d9ea14969773e"
          },
          "sensitive_attributes": [],
          "private": "eyJlMmJmYjczMC1lY2FhLTExZTYtOGY4OC0zNDM2M2JjN2M0YzAiOnsiY3JlYXRlIjo2MDAwMDAwMDAwMDAsImRlbGV0ZSI6OTAwMDAwMDAwMDAwfSwic2NoZW1hX3ZlcnNpb24iOiIxIn0=",
          "dependencies": [
            "module.VPC.aws_vpc.main"
          ],
          "create_before_destroy": true
        },
        {
          "index_key": "int-alb-sg",
          "schema_version": 1,
          "attributes": {
            "arn": "arn:aws:ec2:us-west-2:839942615319:security-group/sg-089463b67a24287bf",
            "description": "IALB security group",
            "egress": [
              {
                "cidr_blocks": [
                  "0.0.0.0/0"
                ],
                "description": "",
                "from_port": 0,
                "ipv6_cidr_blocks": [],
                "prefix_list_ids": [],
                "protocol": "-1",
                "security_groups": [],
                "self": false,
                "to_port": 0
              }
            ],
            "id": "sg-089463b67a24287bf",
            "ingress": [
              {
                "cidr_blocks": [],
                "description": "",
                "from_port": 443,
                "ipv6_cidr_blocks": [],
                "prefix_list_ids": [],
                "protocol": "tcp",
                "security_groups": [
                  "sg-0e5a86779586b95d9"
                ],
                "self": false,
                "to_port": 443
              }
            ],
            "name": "int-alb-sg",
            "name_prefix": "",
            "owner_id": "839942615319",
            "revoke_rules_on_delete": false,
            "tags": {
              "Name": "int-alb-sg"
            },
            "tags_all": {
              "Name": "int-alb-sg"
            },
            "timeouts": null,
            "vpc_id": "vpc-0433d9ea14969773e"
          },
          "sensitive_attributes": [],
          "private": "eyJlMmJmYjczMC1lY2FhLTExZTYtOGY4OC0zNDM2M2JjN2M0YzAiOnsiY3JlYXRlIjo2MDAwMDAwMDAwMDAsImRlbGV0ZSI6OTAwMDAwMDAwMDAwfSwic2NoZW1hX3ZlcnNpb24iOiIxIn0=",
          "dependencies": [
            "module.VPC.aws_vpc.main"
          ],
          "create_before_destroy": true
        },
        {
          "index_key": "nginx-sg",
          "schema_version": 1,
          "attributes": {
            "arn": "arn:aws:ec2:us-west-2:839942615319:security-group/sg-0e5a86779586b95d9",
            "description": "nginx instances",
            "egress": [
              {
                "cidr_blocks": [
                  "0.0.0.0/0"
                ],
                "description": "",
                "from_port": 0,
                "ipv6_cidr_blocks": [],
                "prefix_list_ids": [],
                "protocol": "-1",
                "security_groups": [],
                "self": false,
                "to_port": 0
              }
            ],
            "id": "sg-0e5a86779586b95d9",
            "ingress": [
              {
                "cidr_blocks": [],
                "description": "",
                "from_port": 22,
                "ipv6_cidr_blocks": [],
                "prefix_list_ids": [],
                "protocol": "tcp",
                "security_groups": [
                  "sg-06fbc4e21b80f02b8"
                ],
                "self": false,
                "to_port": 22
              },
              {
                "cidr_blocks": [],
                "description": "",
                "from_port": 443,
                "ipv6_cidr_blocks": [],
                "prefix_list_ids": [],
                "protocol": "tcp",
                "security_groups": [
                  "sg-01b51108d7661da11"
                ],
                "self": false,
                "to_port": 443
              }
            ],
            "name": "nginx-sg",
            "name_prefix": "",
            "owner_id": "839942615319",
            "revoke_rules_on_delete": false,
            "tags": {
              "Name": "nginx-sg"
            },
            "tags_all": {
              "Name": "nginx-sg"
            },
            "timeouts": null,
            "vpc_id": "vpc-0433d9ea14969773e"
          },
          "sensitive_attributes": [],
          "private": "eyJlMmJmYjczMC1lY2FhLTExZTYtOGY4OC0zNDM2M2JjN2M0YzAiOnsiY3JlYXRlIjo2MDAwMDAwMDAwMDAsImRlbGV0ZSI6OTAwMDAwMDAwMDAwfSwic2NoZW1hX3ZlcnNpb24iOiIxIn0=",
          "dependencies": [
            "module.VPC.aws_vpc.main"
          ],
          "create_before_destroy": true
        },
        {
          "index_key": "webserver-sg",
          "schema_version": 1,
          "attributes": {
            "arn": "arn:aws:ec2:us-west-2:839942615319:security-group/sg-03ae69be60ca15e16",
            "description": "webservers security group",
            "egress": [
              {
                "cidr_blocks": [
                  "0.0.0.0/0"
                ],
                "description": "",
                "from_port": 0,
                "ipv6_cidr_blocks": [],
                "prefix_list_ids": [],
                "protocol": "-1",
                "security_groups": [],
                "self": false,
                "to_port": 0
              }
            ],
            "id": "sg-03ae69be60ca15e16",
            "ingress": [
              {
                "cidr_blocks": [],
                "description": "",
                "from_port": 22,
                "ipv6_cidr_blocks": [],
                "prefix_list_ids": [],
                "protocol": "tcp",
                "security_groups": [
                  "sg-06fbc4e21b80f02b8"
                ],
                "self": false,
                "to_port": 22
              },
              {
                "cidr_blocks": [],
                "description": "",
                "from_port": 443,
                "ipv6_cidr_blocks": [],
                "prefix_list_ids": [],
                "protocol": "tcp",
                "security_groups": [
                  "sg-089463b67a24287bf"
                ],
                "self": false,
                "to_port": 443
              }
            ],
            "name": "webserver-sg",
            "name_prefix": "",
            "owner_id": "839942615319",
            "revoke_rules_on_delete": false,
            "tags": {
              "Name": "webserver-sg"
            },
            "tags_all": {
              "Name": "webserver-sg"
            },
            "timeouts": null,
            "vpc_id": "vpc-0433d9ea14969773e"
          },
          "sensitive_attributes": [],
          "private": "eyJlMmJmYjczMC1lY2FhLTExZTYtOGY4OC0zNDM2M2JjN2M0YzAiOnsiY3JlYXRlIjo2MDAwMDAwMDAwMDAsImRlbGV0ZSI6OTAwMDAwMDAwMDAwfSwic2NoZW1hX3ZlcnNpb24iOiIxIn0=",
          "dependencies": [
            "module.VPC.aws_vpc.main"
          ],
          "create_before_destroy": true
        }
      ]
    },
    {
      "module": "module.security",
      "mode": "managed",
      "type": "aws_security_group_rule",
      "name": "inbound-alb-http",
      "provider": "provider[\"registry.terraform.io/hashicorp/aws\"]",
      "instances": [
        {
          "schema_version": 2,
          "attributes": {
            "cidr_blocks": [
              "0.0.0.0/0"
            ],
            "description": "",
            "from_port": 80,
            "id": "sgrule-668713176",
            "ipv6_cidr_blocks": null,
            "prefix_list_ids": null,
            "protocol": "tcp",
            "security_group_id": "sg-01b51108d7661da11",
            "security_group_rule_id": "sgr-08277d1e9ad77214e",
            "self": false,
            "source_security_group_id": null,
            "timeouts": null,
            "to_port": 80,
            "type": "ingress"
          },
          "sensitive_attributes": [],
          "private": "eyJlMmJmYjczMC1lY2FhLTExZTYtOGY4OC0zNDM2M2JjN2M0YzAiOnsiY3JlYXRlIjozMDAwMDAwMDAwMDB9LCJzY2hlbWFfdmVyc2lvbiI6IjIifQ==",
          "dependencies": [
            "module.VPC.aws_vpc.main",
            "module.security.aws_security_group.ACS"
          ]
        }
      ]
    },
    {
      "module": "module.security",
      "mode": "managed",
      "type": "aws_security_group_rule",
      "name": "inbound-alb-https",
      "provider": "provider[\"registry.terraform.io/hashicorp/aws\"]",
      "instances": [
        {
          "schema_version": 2,
          "attributes": {
            "cidr_blocks": [
              "0.0.0.0/0"
            ],
            "description": "",
            "from_port": 443,
            "id": "sgrule-1957087374",
            "ipv6_cidr_blocks": null,
            "prefix_list_ids": null,
            "protocol": "tcp",
            "security_group_id": "sg-01b51108d7661da11",
            "security_group_rule_id": "sgr-0894fc2a37fbc4d71",
            "self": false,
            "source_security_group_id": null,
            "timeouts": null,
            "to_port": 443,
            "type": "ingress"
          },
          "sensitive_attributes": [],
          "private": "eyJlMmJmYjczMC1lY2FhLTExZTYtOGY4OC0zNDM2M2JjN2M0YzAiOnsiY3JlYXRlIjozMDAwMDAwMDAwMDB9LCJzY2hlbWFfdmVyc2lvbiI6IjIifQ==",
          "dependencies": [
            "module.VPC.aws_vpc.main",
            "module.security.aws_security_group.ACS"
          ]
        }
      ]
    },
    {
      "module": "module.security",
      "mode": "managed",
      "type": "aws_security_group_rule",
      "name": "inbound-bastion-ssh",
      "provider": "provider[\"registry.terraform.io/hashicorp/aws\"]",
      "instances": [
        {
          "schema_version": 2,
          "attributes": {
            "cidr_blocks": null,
            "description": "",
            "from_port": 22,
            "id": "sgrule-2638342049",
            "ipv6_cidr_blocks": null,
            "prefix_list_ids": null,
            "protocol": "tcp",
            "security_group_id": "sg-0e5a86779586b95d9",
            "security_group_rule_id": "sgr-09dc4f8d828cbaf99",
            "self": false,
            "source_security_group_id": "sg-06fbc4e21b80f02b8",
            "timeouts": null,
            "to_port": 22,
            "type": "ingress"
          },
          "sensitive_attributes": [],
          "private": "eyJlMmJmYjczMC1lY2FhLTExZTYtOGY4OC0zNDM2M2JjN2M0YzAiOnsiY3JlYXRlIjozMDAwMDAwMDAwMDB9LCJzY2hlbWFfdmVyc2lvbiI6IjIifQ==",
          "dependencies": [
            "module.VPC.aws_vpc.main",
            "module.security.aws_security_group.ACS"
          ]
        }
      ]
    },
    {
      "module": "module.security",
      "mode": "managed",
      "type": "aws_security_group_rule",
      "name": "inbound-ialb-https",
      "provider": "provider[\"registry.terraform.io/hashicorp/aws\"]",
      "instances": [
        {
          "schema_version": 2,
          "attributes": {
            "cidr_blocks": null,
            "description": "",
            "from_port": 443,
            "id": "sgrule-3577077319",
            "ipv6_cidr_blocks": null,
            "prefix_list_ids": null,
            "protocol": "tcp",
            "security_group_id": "sg-089463b67a24287bf",
            "security_group_rule_id": "sgr-0d935323aba86750d",
            "self": false,
            "source_security_group_id": "sg-0e5a86779586b95d9",
            "timeouts": null,
            "to_port": 443,
            "type": "ingress"
          },
          "sensitive_attributes": [],
          "private": "eyJlMmJmYjczMC1lY2FhLTExZTYtOGY4OC0zNDM2M2JjN2M0YzAiOnsiY3JlYXRlIjozMDAwMDAwMDAwMDB9LCJzY2hlbWFfdmVyc2lvbiI6IjIifQ==",
          "dependencies": [
            "module.VPC.aws_vpc.main",
            "module.security.aws_security_group.ACS"
          ]
        }
      ]
    },
    {
      "module": "module.security",
      "mode": "managed",
      "type": "aws_security_group_rule",
      "name": "inbound-mysql-bastion",
      "provider": "provider[\"registry.terraform.io/hashicorp/aws\"]",
      "instances": [
        {
          "schema_version": 2,
          "attributes": {
            "cidr_blocks": null,
            "description": "",
            "from_port": 3306,
            "id": "sgrule-2994673611",
            "ipv6_cidr_blocks": null,
            "prefix_list_ids": null,
            "protocol": "tcp",
            "security_group_id": "sg-09eae16832a6f8fee",
            "security_group_rule_id": "sgr-01f2cdefbf532a7b7",
            "self": false,
            "source_security_group_id": "sg-06fbc4e21b80f02b8",
            "timeouts": null,
            "to_port": 3306,
            "type": "ingress"
          },
          "sensitive_attributes": [],
          "private": "eyJlMmJmYjczMC1lY2FhLTExZTYtOGY4OC0zNDM2M2JjN2M0YzAiOnsiY3JlYXRlIjozMDAwMDAwMDAwMDB9LCJzY2hlbWFfdmVyc2lvbiI6IjIifQ==",
          "dependencies": [
            "module.VPC.aws_vpc.main",
            "module.security.aws_security_group.ACS"
          ]
        }
      ]
    },
    {
      "module": "module.security",
      "mode": "managed",
      "type": "aws_security_group_rule",
      "name": "inbound-mysql-webserver",
      "provider": "provider[\"registry.terraform.io/hashicorp/aws\"]",
      "instances": [
        {
          "schema_version": 2,
          "attributes": {
            "cidr_blocks": null,
            "description": "",
            "from_port": 3306,
            "id": "sgrule-2791430713",
            "ipv6_cidr_blocks": null,
            "prefix_list_ids": null,
            "protocol": "tcp",
            "security_group_id": "sg-09eae16832a6f8fee",
            "security_group_rule_id": "sgr-000aa84f9f8a0fcc0",
            "self": false,
            "source_security_group_id": "sg-03ae69be60ca15e16",
            "timeouts": null,
            "to_port": 3306,
            "type": "ingress"
          },
          "sensitive_attributes": [],
          "private": "eyJlMmJmYjczMC1lY2FhLTExZTYtOGY4OC0zNDM2M2JjN2M0YzAiOnsiY3JlYXRlIjozMDAwMDAwMDAwMDB9LCJzY2hlbWFfdmVyc2lvbiI6IjIifQ==",
          "dependencies": [
            "module.VPC.aws_vpc.main",
            "module.security.aws_security_group.ACS"
          ]
        }
      ]
    },
    {
      "module": "module.security",
      "mode": "managed",
      "type": "aws_security_group_rule",
      "name": "inbound-nfs-port",
      "provider": "provider[\"registry.terraform.io/hashicorp/aws\"]",
      "instances": [
        {
          "schema_version": 2,
          "attributes": {
            "cidr_blocks": null,
            "description": "",
            "from_port": 2049,
            "id": "sgrule-900156083",
            "ipv6_cidr_blocks": null,
            "prefix_list_ids": null,
            "protocol": "tcp",
            "security_group_id": "sg-09eae16832a6f8fee",
            "security_group_rule_id": "sgr-07739af6531182106",
            "self": false,
            "source_security_group_id": "sg-03ae69be60ca15e16",
            "timeouts": null,
            "to_port": 2049,
            "type": "ingress"
          },
          "sensitive_attributes": [],
          "private": "eyJlMmJmYjczMC1lY2FhLTExZTYtOGY4OC0zNDM2M2JjN2M0YzAiOnsiY3JlYXRlIjozMDAwMDAwMDAwMDB9LCJzY2hlbWFfdmVyc2lvbiI6IjIifQ==",
          "dependencies": [
            "module.VPC.aws_vpc.main",
            "module.security.aws_security_group.ACS"
          ]
        }
      ]
    },
    {
      "module": "module.security",
      "mode": "managed",
      "type": "aws_security_group_rule",
      "name": "inbound-nginx-http",
      "provider": "provider[\"registry.terraform.io/hashicorp/aws\"]",
      "instances": [
        {
          "schema_version": 2,
          "attributes": {
            "cidr_blocks": null,
            "description": "",
            "from_port": 443,
            "id": "sgrule-1762998552",
            "ipv6_cidr_blocks": null,
            "prefix_list_ids": null,
            "protocol": "tcp",
            "security_group_id": "sg-0e5a86779586b95d9",
            "security_group_rule_id": "sgr-00e2a17df0be5be1b",
            "self": false,
            "source_security_group_id": "sg-01b51108d7661da11",
            "timeouts": null,
            "to_port": 443,
            "type": "ingress"
          },
          "sensitive_attributes": [],
          "private": "eyJlMmJmYjczMC1lY2FhLTExZTYtOGY4OC0zNDM2M2JjN2M0YzAiOnsiY3JlYXRlIjozMDAwMDAwMDAwMDB9LCJzY2hlbWFfdmVyc2lvbiI6IjIifQ==",
          "dependencies": [
            "module.VPC.aws_vpc.main",
            "module.security.aws_security_group.ACS"
          ]
        }
      ]
    },
    {
      "module": "module.security",
      "mode": "managed",
      "type": "aws_security_group_rule",
      "name": "inbound-ssh-bastion",
      "provider": "provider[\"registry.terraform.io/hashicorp/aws\"]",
      "instances": [
        {
          "schema_version": 2,
          "attributes": {
            "cidr_blocks": [
              "0.0.0.0/0"
            ],
            "description": "",
            "from_port": 22,
            "id": "sgrule-1827159134",
            "ipv6_cidr_blocks": null,
            "prefix_list_ids": null,
            "protocol": "tcp",
            "security_group_id": "sg-06fbc4e21b80f02b8",
            "security_group_rule_id": "sgr-0146cb9f9731a7986",
            "self": false,
            "source_security_group_id": null,
            "timeouts": null,
            "to_port": 22,
            "type": "ingress"
          },
          "sensitive_attributes": [],
          "private": "eyJlMmJmYjczMC1lY2FhLTExZTYtOGY4OC0zNDM2M2JjN2M0YzAiOnsiY3JlYXRlIjozMDAwMDAwMDAwMDB9LCJzY2hlbWFfdmVyc2lvbiI6IjIifQ==",
          "dependencies": [
            "module.VPC.aws_vpc.main",
            "module.security.aws_security_group.ACS"
          ]
        }
      ]
    },
    {
      "module": "module.security",
      "mode": "managed",
      "type": "aws_security_group_rule",
      "name": "inbound-web-https",
      "provider": "provider[\"registry.terraform.io/hashicorp/aws\"]",
      "instances": [
        {
          "schema_version": 2,
          "attributes": {
            "cidr_blocks": null,
            "description": "",
            "from_port": 443,
            "id": "sgrule-1536685064",
            "ipv6_cidr_blocks": null,
            "prefix_list_ids": null,
            "protocol": "tcp",
            "security_group_id": "sg-03ae69be60ca15e16",
            "security_group_rule_id": "sgr-01f0fd742ac0ba10d",
            "self": false,
            "source_security_group_id": "sg-089463b67a24287bf",
            "timeouts": null,
            "to_port": 443,
            "type": "ingress"
          },
          "sensitive_attributes": [],
          "private": "eyJlMmJmYjczMC1lY2FhLTExZTYtOGY4OC0zNDM2M2JjN2M0YzAiOnsiY3JlYXRlIjozMDAwMDAwMDAwMDB9LCJzY2hlbWFfdmVyc2lvbiI6IjIifQ==",
          "dependencies": [
            "module.VPC.aws_vpc.main",
            "module.security.aws_security_group.ACS"
          ]
        }
      ]
    },
    {
      "module": "module.security",
      "mode": "managed",
      "type": "aws_security_group_rule",
      "name": "inbound-web-ssh",
      "provider": "provider[\"registry.terraform.io/hashicorp/aws\"]",
      "instances": [
        {
          "schema_version": 2,
          "attributes": {
            "cidr_blocks": null,
            "description": "",
            "from_port": 22,
            "id": "sgrule-770040136",
            "ipv6_cidr_blocks": null,
            "prefix_list_ids": null,
            "protocol": "tcp",
            "security_group_id": "sg-03ae69be60ca15e16",
            "security_group_rule_id": "sgr-0a6971d6551e6925d",
            "self": false,
            "source_security_group_id": "sg-06fbc4e21b80f02b8",
            "timeouts": null,
            "to_port": 22,
            "type": "ingress"
          },
          "sensitive_attributes": [],
          "private": "eyJlMmJmYjczMC1lY2FhLTExZTYtOGY4OC0zNDM2M2JjN2M0YzAiOnsiY3JlYXRlIjozMDAwMDAwMDAwMDB9LCJzY2hlbWFfdmVyc2lvbiI6IjIifQ==",
          "dependencies": [
            "module.VPC.aws_vpc.main",
            "module.security.aws_security_group.ACS"
          ]
        }
      ]
    }
  ],
  "check_results": null
}
